PODS:
  - LPHUD (1.3.7):
    - LPHUD/HUD (= 1.3.7)
    - LPHUD/HUDIndicator (= 1.3.7)
    - LPHUD/HUDProgress (= 1.3.7)
  - LPHUD/HUD (1.3.7)
  - LPHUD/HUDIndicator (1.3.7):
    - LPHUD/HUD
  - LPHUD/HUDProgress (1.3.7):
    - LPHUD/HUD

DEPENDENCIES:
  - LPHUD (from `./`)

EXTERNAL SOURCES:
  LPHUD:
    :path: "./"

SPEC CHECKSUMS:
  LPHUD: a0aac811a3f018acad8fb4a21731def7eee5aa11

PODFILE CHECKSUM: 6f377ccbe03518d5cde644b2db5eabfe96c1853f

COCOAPODS: 1.14.3
