PODS:
  - LPHUD (1.4.0):
    - LPHUD/HUD (= 1.4.0)
    - LPHUD/HUDIndicator (= 1.4.0)
    - LPHUD/HUDProgress (= 1.4.0)
  - LPHUD/HUD (1.4.0)
  - LPHUD/HUDIndicator (1.4.0):
    - LPHUD/HUD
  - LPHUD/HUDProgress (1.4.0):
    - LPHUD/HUD

DEPENDENCIES:
  - LPHUD (from `./`)

EXTERNAL SOURCES:
  LPHUD:
    :path: "./"

SPEC CHECKSUMS:
  LPHUD: fd847bb71b8392cce8930ab914a6e6369570c965

PODFILE CHECKSUM: 6f377ccbe03518d5cde644b2db5eabfe96c1853f

COCOAPODS: 1.14.3
