PODS:
  - LPHUD (1.5.2):
    - LPHUD/HUD (= 1.5.2)
    - LPHUD/HUDIndicator (= 1.5.2)
    - LPHUD/HUDProgress (= 1.5.2)
  - LPHUD/HUD (1.5.2)
  - LPHUD/HUDIndicator (1.5.2):
    - LPHUD/HUD
  - LPHUD/HUDProgress (1.5.2):
    - LPHUD/HUD

DEPENDENCIES:
  - LPHUD (from `./`)

EXTERNAL SOURCES:
  LPHUD:
    :path: "./"

SPEC CHECKSUMS:
  LPHUD: 581770b9c0ea82e6dc740a5c92a296597066fb3a

PODFILE CHECKSUM: b62abc5b850b474615b023b3b96a1179313b4c85

COCOAPODS: 1.14.3
