// !$*UTF8*$!
{
	archiveVersion = 1;
	classes = {
	};
	objectVersion = 46;
	objects = {

/* Begin PBXBuildFile section */
		E82084DB1EDFB5DE0008C468 /* LPHUDAppDelegate.swift in Sources */ = {isa = PBXBuildFile; fileRef = E82084DA1EDFB5DE0008C468 /* LPHUDAppDelegate.swift */; };
		E82084DD1EDFB5DE0008C468 /* LPHUDViewController.swift in Sources */ = {isa = PBXBuildFile; fileRef = E82084DC1EDFB5DE0008C468 /* LPHUDViewController.swift */; };
		E82084E01EDFB5DE0008C468 /* Main.storyboard in Resources */ = {isa = PBXBuildFile; fileRef = E82084DE1EDFB5DE0008C468 /* Main.storyboard */; };
		E82084E21EDFB5DE0008C468 /* Assets.xcassets in Resources */ = {isa = PBXBuildFile; fileRef = E82084E11EDFB5DE0008C468 /* Assets.xcassets */; };
		E82084E51EDFB5DE0008C468 /* LaunchScreen.storyboard in Resources */ = {isa = PBXBuildFile; fileRef = E82084E31EDFB5DE0008C468 /* LaunchScreen.storyboard */; };
		E85069CB1EE684D0000F0582 /* LPProgressHUD.framework in Frameworks */ = {isa = PBXBuildFile; fileRef = E85069CA1EE684D0000F0582 /* LPProgressHUD.framework */; };
		E85069CC1EE684D0000F0582 /* LPProgressHUD.framework in Embed Frameworks */ = {isa = PBXBuildFile; fileRef = E85069CA1EE684D0000F0582 /* LPProgressHUD.framework */; settings = {ATTRIBUTES = (CodeSignOnCopy, RemoveHeadersOnCopy, ); }; };
		E898230D1EE79E490006444F /* bg.jpg in Resources */ = {isa = PBXBuildFile; fileRef = E898230C1EE79E490006444F /* bg.jpg */; };
/* End PBXBuildFile section */

/* Begin PBXCopyFilesBuildPhase section */
		E85069CD1EE684D0000F0582 /* Embed Frameworks */ = {
			isa = PBXCopyFilesBuildPhase;
			buildActionMask = 2147483647;
			dstPath = "";
			dstSubfolderSpec = 10;
			files = (
				E85069CC1EE684D0000F0582 /* LPProgressHUD.framework in Embed Frameworks */,
			);
			name = "Embed Frameworks";
			runOnlyForDeploymentPostprocessing = 0;
		};
/* End PBXCopyFilesBuildPhase section */

/* Begin PBXFileReference section */
		E82084D71EDFB5DE0008C468 /* Example.app */ = {isa = PBXFileReference; explicitFileType = wrapper.application; includeInIndex = 0; path = Example.app; sourceTree = BUILT_PRODUCTS_DIR; };
		E82084DA1EDFB5DE0008C468 /* LPHUDAppDelegate.swift */ = {isa = PBXFileReference; lastKnownFileType = sourcecode.swift; path = LPHUDAppDelegate.swift; sourceTree = "<group>"; };
		E82084DC1EDFB5DE0008C468 /* LPHUDViewController.swift */ = {isa = PBXFileReference; lastKnownFileType = sourcecode.swift; path = LPHUDViewController.swift; sourceTree = "<group>"; };
		E82084DF1EDFB5DE0008C468 /* Base */ = {isa = PBXFileReference; lastKnownFileType = file.storyboard; name = Base; path = Base.lproj/Main.storyboard; sourceTree = "<group>"; };
		E82084E11EDFB5DE0008C468 /* Assets.xcassets */ = {isa = PBXFileReference; lastKnownFileType = folder.assetcatalog; path = Assets.xcassets; sourceTree = "<group>"; };
		E82084E41EDFB5DE0008C468 /* Base */ = {isa = PBXFileReference; lastKnownFileType = file.storyboard; name = Base; path = Base.lproj/LaunchScreen.storyboard; sourceTree = "<group>"; };
		E82084E61EDFB5DE0008C468 /* Info.plist */ = {isa = PBXFileReference; lastKnownFileType = text.plist.xml; path = Info.plist; sourceTree = "<group>"; };
		E85069CA1EE684D0000F0582 /* LPProgressHUD.framework */ = {isa = PBXFileReference; explicitFileType = wrapper.framework; path = LPProgressHUD.framework; sourceTree = BUILT_PRODUCTS_DIR; };
		E898230C1EE79E490006444F /* bg.jpg */ = {isa = PBXFileReference; lastKnownFileType = image.jpeg; path = bg.jpg; sourceTree = "<group>"; };
/* End PBXFileReference section */

/* Begin PBXFrameworksBuildPhase section */
		E82084D41EDFB5DE0008C468 /* Frameworks */ = {
			isa = PBXFrameworksBuildPhase;
			buildActionMask = 2147483647;
			files = (
				E85069CB1EE684D0000F0582 /* LPProgressHUD.framework in Frameworks */,
			);
			runOnlyForDeploymentPostprocessing = 0;
		};
/* End PBXFrameworksBuildPhase section */

/* Begin PBXGroup section */
		E82084CE1EDFB5DE0008C468 = {
			isa = PBXGroup;
			children = (
				E82084D91EDFB5DE0008C468 /* Example */,
				E82084D81EDFB5DE0008C468 /* Products */,
				E85069CE1EE684DF000F0582 /* Frameworks */,
			);
			sourceTree = "<group>";
		};
		E82084D81EDFB5DE0008C468 /* Products */ = {
			isa = PBXGroup;
			children = (
				E82084D71EDFB5DE0008C468 /* Example.app */,
			);
			name = Products;
			sourceTree = "<group>";
		};
		E82084D91EDFB5DE0008C468 /* Example */ = {
			isa = PBXGroup;
			children = (
				E82084DA1EDFB5DE0008C468 /* LPHUDAppDelegate.swift */,
				E82084DC1EDFB5DE0008C468 /* LPHUDViewController.swift */,
				E898230C1EE79E490006444F /* bg.jpg */,
				E82084DE1EDFB5DE0008C468 /* Main.storyboard */,
				E82084E11EDFB5DE0008C468 /* Assets.xcassets */,
				E82084E31EDFB5DE0008C468 /* LaunchScreen.storyboard */,
				E82084E61EDFB5DE0008C468 /* Info.plist */,
			);
			path = Example;
			sourceTree = "<group>";
		};
		E85069CE1EE684DF000F0582 /* Frameworks */ = {
			isa = PBXGroup;
			children = (
				E85069CA1EE684D0000F0582 /* LPProgressHUD.framework */,
			);
			name = Frameworks;
			sourceTree = "<group>";
		};
/* End PBXGroup section */

/* Begin PBXNativeTarget section */
		E82084D61EDFB5DE0008C468 /* Example */ = {
			isa = PBXNativeTarget;
			buildConfigurationList = E82084E91EDFB5DE0008C468 /* Build configuration list for PBXNativeTarget "Example" */;
			buildPhases = (
				E82084D31EDFB5DE0008C468 /* Sources */,
				E82084D41EDFB5DE0008C468 /* Frameworks */,
				E82084D51EDFB5DE0008C468 /* Resources */,
				E85069CD1EE684D0000F0582 /* Embed Frameworks */,
			);
			buildRules = (
			);
			dependencies = (
			);
			name = Example;
			productName = Example;
			productReference = E82084D71EDFB5DE0008C468 /* Example.app */;
			productType = "com.apple.product-type.application";
		};
/* End PBXNativeTarget section */

/* Begin PBXProject section */
		E82084CF1EDFB5DE0008C468 /* Project object */ = {
			isa = PBXProject;
			attributes = {
				LastSwiftUpdateCheck = 0830;
				LastUpgradeCheck = 0830;
				ORGANIZATIONNAME = "Zhejiang lp Technology Co., Ltd.";
				TargetAttributes = {
					E82084D61EDFB5DE0008C468 = {
						CreatedOnToolsVersion = 8.3.2;
						ProvisioningStyle = Automatic;
					};
				};
			};
			buildConfigurationList = E82084D21EDFB5DE0008C468 /* Build configuration list for PBXProject "Example" */;
			compatibilityVersion = "Xcode 3.2";
			developmentRegion = English;
			hasScannedForEncodings = 0;
			knownRegions = (
				en,
				Base,
			);
			mainGroup = E82084CE1EDFB5DE0008C468;
			productRefGroup = E82084D81EDFB5DE0008C468 /* Products */;
			projectDirPath = "";
			projectRoot = "";
			targets = (
				E82084D61EDFB5DE0008C468 /* Example */,
			);
		};
/* End PBXProject section */

/* Begin PBXResourcesBuildPhase section */
		E82084D51EDFB5DE0008C468 /* Resources */ = {
			isa = PBXResourcesBuildPhase;
			buildActionMask = 2147483647;
			files = (
				E82084E51EDFB5DE0008C468 /* LaunchScreen.storyboard in Resources */,
				E82084E21EDFB5DE0008C468 /* Assets.xcassets in Resources */,
				E898230D1EE79E490006444F /* bg.jpg in Resources */,
				E82084E01EDFB5DE0008C468 /* Main.storyboard in Resources */,
			);
			runOnlyForDeploymentPostprocessing = 0;
		};
/* End PBXResourcesBuildPhase section */

/* Begin PBXSourcesBuildPhase section */
		E82084D31EDFB5DE0008C468 /* Sources */ = {
			isa = PBXSourcesBuildPhase;
			buildActionMask = 2147483647;
			files = (
				E82084DD1EDFB5DE0008C468 /* LPHUDViewController.swift in Sources */,
				E82084DB1EDFB5DE0008C468 /* LPHUDAppDelegate.swift in Sources */,
			);
			runOnlyForDeploymentPostprocessing = 0;
		};
/* End PBXSourcesBuildPhase section */

/* Begin PBXVariantGroup section */
		E82084DE1EDFB5DE0008C468 /* Main.storyboard */ = {
			isa = PBXVariantGroup;
			children = (
				E82084DF1EDFB5DE0008C468 /* Base */,
			);
			name = Main.storyboard;
			sourceTree = "<group>";
		};
		E82084E31EDFB5DE0008C468 /* LaunchScreen.storyboard */ = {
			isa = PBXVariantGroup;
			children = (
				E82084E41EDFB5DE0008C468 /* Base */,
			);
			name = LaunchScreen.storyboard;
			sourceTree = "<group>";
		};
/* End PBXVariantGroup section */

/* Begin XCBuildConfiguration section */
		E82084E71EDFB5DE0008C468 /* Debug */ = {
			isa = XCBuildConfiguration;
			buildSettings = {
				ALWAYS_SEARCH_USER_PATHS = NO;
				CLANG_ANALYZER_NONNULL = YES;
				CLANG_ANALYZER_NUMBER_OBJECT_CONVERSION = YES_AGGRESSIVE;
				CLANG_CXX_LANGUAGE_STANDARD = "gnu++0x";
				CLANG_CXX_LIBRARY = "libc++";
				CLANG_ENABLE_MODULES = YES;
				CLANG_ENABLE_OBJC_ARC = YES;
				CLANG_WARN_BOOL_CONVERSION = YES;
				CLANG_WARN_CONSTANT_CONVERSION = YES;
				CLANG_WARN_DIRECT_OBJC_ISA_USAGE = YES_ERROR;
				CLANG_WARN_DOCUMENTATION_COMMENTS = YES;
				CLANG_WARN_EMPTY_BODY = YES;
				CLANG_WARN_ENUM_CONVERSION = YES;
				CLANG_WARN_INFINITE_RECURSION = YES;
				CLANG_WARN_INT_CONVERSION = YES;
				CLANG_WARN_OBJC_ROOT_CLASS = YES_ERROR;
				CLANG_WARN_SUSPICIOUS_MOVE = YES;
				CLANG_WARN_UNREACHABLE_CODE = YES;
				CLANG_WARN__DUPLICATE_METHOD_MATCH = YES;
				"CODE_SIGN_IDENTITY[sdk=iphoneos*]" = "iPhone Developer";
				COPY_PHASE_STRIP = NO;
				DEBUG_INFORMATION_FORMAT = dwarf;
				ENABLE_STRICT_OBJC_MSGSEND = YES;
				ENABLE_TESTABILITY = YES;
				GCC_C_LANGUAGE_STANDARD = gnu99;
				GCC_DYNAMIC_NO_PIC = NO;
				GCC_NO_COMMON_BLOCKS = YES;
				GCC_OPTIMIZATION_LEVEL = 0;
				GCC_PREPROCESSOR_DEFINITIONS = (
					"DEBUG=1",
					"$(inherited)",
				);
				GCC_WARN_64_TO_32_BIT_CONVERSION = YES;
				GCC_WARN_ABOUT_RETURN_TYPE = YES_ERROR;
				GCC_WARN_UNDECLARED_SELECTOR = YES;
				GCC_WARN_UNINITIALIZED_AUTOS = YES_AGGRESSIVE;
				GCC_WARN_UNUSED_FUNCTION = YES;
				GCC_WARN_UNUSED_VARIABLE = YES;
				IPHONEOS_DEPLOYMENT_TARGET = 10.3;
				MTL_ENABLE_DEBUG_INFO = YES;
				ONLY_ACTIVE_ARCH = YES;
				SDKROOT = iphoneos;
				SWIFT_ACTIVE_COMPILATION_CONDITIONS = DEBUG;
				SWIFT_OPTIMIZATION_LEVEL = "-Onone";
			};
			name = Debug;
		};
		E82084E81EDFB5DE0008C468 /* Release */ = {
			isa = XCBuildConfiguration;
			buildSettings = {
				ALWAYS_SEARCH_USER_PATHS = NO;
				CLANG_ANALYZER_NONNULL = YES;
				CLANG_ANALYZER_NUMBER_OBJECT_CONVERSION = YES_AGGRESSIVE;
				CLANG_CXX_LANGUAGE_STANDARD = "gnu++0x";
				CLANG_CXX_LIBRARY = "libc++";
				CLANG_ENABLE_MODULES = YES;
				CLANG_ENABLE_OBJC_ARC = YES;
				CLANG_WARN_BOOL_CONVERSION = YES;
				CLANG_WARN_CONSTANT_CONVERSION = YES;
				CLANG_WARN_DIRECT_OBJC_ISA_USAGE = YES_ERROR;
				CLANG_WARN_DOCUMENTATION_COMMENTS = YES;
				CLANG_WARN_EMPTY_BODY = YES;
				CLANG_WARN_ENUM_CONVERSION = YES;
				CLANG_WARN_INFINITE_RECURSION = YES;
				CLANG_WARN_INT_CONVERSION = YES;
				CLANG_WARN_OBJC_ROOT_CLASS = YES_ERROR;
				CLANG_WARN_SUSPICIOUS_MOVE = YES;
				CLANG_WARN_UNREACHABLE_CODE = YES;
				CLANG_WARN__DUPLICATE_METHOD_MATCH = YES;
				"CODE_SIGN_IDENTITY[sdk=iphoneos*]" = "iPhone Developer";
				COPY_PHASE_STRIP = NO;
				DEBUG_INFORMATION_FORMAT = "dwarf-with-dsym";
				ENABLE_NS_ASSERTIONS = NO;
				ENABLE_STRICT_OBJC_MSGSEND = YES;
				GCC_C_LANGUAGE_STANDARD = gnu99;
				GCC_NO_COMMON_BLOCKS = YES;
				GCC_WARN_64_TO_32_BIT_CONVERSION = YES;
				GCC_WARN_ABOUT_RETURN_TYPE = YES_ERROR;
				GCC_WARN_UNDECLARED_SELECTOR = YES;
				GCC_WARN_UNINITIALIZED_AUTOS = YES_AGGRESSIVE;
				GCC_WARN_UNUSED_FUNCTION = YES;
				GCC_WARN_UNUSED_VARIABLE = YES;
				IPHONEOS_DEPLOYMENT_TARGET = 10.3;
				MTL_ENABLE_DEBUG_INFO = NO;
				SDKROOT = iphoneos;
				SWIFT_OPTIMIZATION_LEVEL = "-Owholemodule";
				VALIDATE_PRODUCT = YES;
			};
			name = Release;
		};
		E82084EA1EDFB5DE0008C468 /* Debug */ = {
			isa = XCBuildConfiguration;
			buildSettings = {
				ASSETCATALOG_COMPILER_APPICON_NAME = AppIcon;
				DEVELOPMENT_TEAM = "";
				INFOPLIST_FILE = Example/Info.plist;
				IPHONEOS_DEPLOYMENT_TARGET = 8.0;
				LD_RUNPATH_SEARCH_PATHS = "$(inherited) @executable_path/Frameworks";
				PRODUCT_BUNDLE_IDENTIFIER = com.lp.Example;
				PRODUCT_NAME = "$(TARGET_NAME)";
				SWIFT_VERSION = 3.0;
			};
			name = Debug;
		};
		E82084EB1EDFB5DE0008C468 /* Release */ = {
			isa = XCBuildConfiguration;
			buildSettings = {
				ASSETCATALOG_COMPILER_APPICON_NAME = AppIcon;
				DEVELOPMENT_TEAM = "";
				INFOPLIST_FILE = Example/Info.plist;
				IPHONEOS_DEPLOYMENT_TARGET = 8.0;
				LD_RUNPATH_SEARCH_PATHS = "$(inherited) @executable_path/Frameworks";
				PRODUCT_BUNDLE_IDENTIFIER = com.lp.Example;
				PRODUCT_NAME = "$(TARGET_NAME)";
				SWIFT_VERSION = 3.0;
			};
			name = Release;
		};
/* End XCBuildConfiguration section */

/* Begin XCConfigurationList section */
		E82084D21EDFB5DE0008C468 /* Build configuration list for PBXProject "Example" */ = {
			isa = XCConfigurationList;
			buildConfigurations = (
				E82084E71EDFB5DE0008C468 /* Debug */,
				E82084E81EDFB5DE0008C468 /* Release */,
			);
			defaultConfigurationIsVisible = 0;
			defaultConfigurationName = Release;
		};
		E82084E91EDFB5DE0008C468 /* Build configuration list for PBXNativeTarget "Example" */ = {
			isa = XCConfigurationList;
			buildConfigurations = (
				E82084EA1EDFB5DE0008C468 /* Debug */,
				E82084EB1EDFB5DE0008C468 /* Release */,
			);
			defaultConfigurationIsVisible = 0;
			defaultConfigurationName = Release;
		};
/* End XCConfigurationList section */
	};
	rootObject = E82084CF1EDFB5DE0008C468 /* Project object */;
}
