// !$*UTF8*$!
{
	archiveVersion = 1;
	classes = {
	};
	objectVersion = 70;
	objects = {

/* Begin PBXBuildFile section */
		0C1245712FBE4F8300DE9E08 /* FlyHUD in Frameworks */ = {isa = PBXBuildFile; productRef = 0C1245702FBE4F8300DE9E08 /* FlyHUD */; };
		0C1245732FBE4F8300DE9E08 /* FlyIndicatorHUD in Frameworks */ = {isa = PBXBuildFile; productRef = 0C1245722FBE4F8300DE9E08 /* FlyIndicatorHUD */; };
		0C1245752FBE4F8300DE9E08 /* FlyProgressHUD in Frameworks */ = {isa = PBXBuildFile; productRef = 0C1245742FBE4F8300DE9E08 /* FlyProgressHUD */; };
		0C1245772FBE4F9300DE9E08 /* FlyHUD in Frameworks */ = {isa = PBXBuildFile; productRef = 0C1245762FBE4F9300DE9E08 /* FlyHUD */; };
		0C1245792FBE4F9300DE9E08 /* FlyIndicatorHUD in Frameworks */ = {isa = PBXBuildFile; productRef = 0C1245782FBE4F9300DE9E08 /* FlyIndicatorHUD */; };
		0C12457B2FBE4F9300DE9E08 /* FlyProgressHUD in Frameworks */ = {isa = PBXBuildFile; productRef = 0C12457A2FBE4F9300DE9E08 /* FlyProgressHUD */; };
		0C12457D2FBE4F9E00DE9E08 /* FlyHUD in Frameworks */ = {isa = PBXBuildFile; productRef = 0C12457C2FBE4F9E00DE9E08 /* FlyHUD */; };
		0C12457F2FBE4F9E00DE9E08 /* FlyIndicatorHUD in Frameworks */ = {isa = PBXBuildFile; productRef = 0C12457E2FBE4F9E00DE9E08 /* FlyIndicatorHUD */; };
		0C1245812FBE4F9E00DE9E08 /* FlyProgressHUD in Frameworks */ = {isa = PBXBuildFile; productRef = 0C1245802FBE4F9E00DE9E08 /* FlyProgressHUD */; };
		0C24FB252FBFAB0200C33036 /* ViewController.swift in Sources */ = {isa = PBXBuildFile; fileRef = 0C24FB242FBFAB0200C33036 /* ViewController.swift */; };
		0C24FB262FBFAB0200C33036 /* AppDelegate.swift in Sources */ = {isa = PBXBuildFile; fileRef = 0C24FB222FBFAB0200C33036 /* AppDelegate.swift */; };
		0C24FB272FBFAB0200C33036 /* SceneDelegate.swift in Sources */ = {isa = PBXBuildFile; fileRef = 0C24FB232FBFAB0200C33036 /* SceneDelegate.swift */; };
		0CC9C8462FBE4977003AF3C3 /* FlyHUD in Frameworks */ = {isa = PBXBuildFile; productRef = 0CC9C8452FBE4977003AF3C3 /* FlyHUD */; };
		0CC9C8482FBE4977003AF3C3 /* FlyIndicatorHUD in Frameworks */ = {isa = PBXBuildFile; productRef = 0CC9C8472FBE4977003AF3C3 /* FlyIndicatorHUD */; };
		0CC9C84A2FBE4977003AF3C3 /* FlyProgressHUD in Frameworks */ = {isa = PBXBuildFile; productRef = 0CC9C8492FBE4977003AF3C3 /* FlyProgressHUD */; };
		0CE98FC82E53306500EC24E7 /* DisplayLinkTests.swift in Sources */ = {isa = PBXBuildFile; fileRef = 0CE98FB52E53306500EC24E7 /* DisplayLinkTests.swift */; };
		0CE98FC92E53306500EC24E7 /* ModelTests.swift in Sources */ = {isa = PBXBuildFile; fileRef = 0CE98FC02E53306500EC24E7 /* ModelTests.swift */; };
		0CE98FCA2E53306500EC24E7 /* ExtensionsTests.swift in Sources */ = {isa = PBXBuildFile; fileRef = 0CE98FB22E53306500EC24E7 /* ExtensionsTests.swift */; };
		0CE98FCB2E53306500EC24E7 /* BackgroundViewTests.swift in Sources */ = {isa = PBXBuildFile; fileRef = 0CE98FBC2E53306500EC24E7 /* BackgroundViewTests.swift */; };
		0CE98FCC2E53306500EC24E7 /* ActivityIndicatorViewableTests.swift in Sources */ = {isa = PBXBuildFile; fileRef = 0CE98FB82E53306500EC24E7 /* ActivityIndicatorViewableTests.swift */; };
		0CE98FCD2E53306500EC24E7 /* HUDExtendedTests.swift in Sources */ = {isa = PBXBuildFile; fileRef = 0CE98FB32E53306500EC24E7 /* HUDExtendedTests.swift */; };
		0CE98FCE2E53306500EC24E7 /* BaseViewTests.swift in Sources */ = {isa = PBXBuildFile; fileRef = 0CE98FBD2E53306500EC24E7 /* BaseViewTests.swift */; };
		0CE98FCF2E53306500EC24E7 /* HUDTests.swift in Sources */ = {isa = PBXBuildFile; fileRef = 0CE98FBF2E53306500EC24E7 /* HUDTests.swift */; };
		0CE98FD02E53306500EC24E7 /* ProgressViewTests.swift in Sources */ = {isa = PBXBuildFile; fileRef = 0CE98FC42E53306500EC24E7 /* ProgressViewTests.swift */; };
		0CE98FD12E53306500EC24E7 /* ActivityIndicatorViewTests.swift in Sources */ = {isa = PBXBuildFile; fileRef = 0CE98FC22E53306500EC24E7 /* ActivityIndicatorViewTests.swift */; };
		0CE98FD22E53306500EC24E7 /* RotateViewableTests.swift in Sources */ = {isa = PBXBuildFile; fileRef = 0CE98FBA2E53306500EC24E7 /* RotateViewableTests.swift */; };
		0CE98FD32E53306500EC24E7 /* ProgressViewableTests.swift in Sources */ = {isa = PBXBuildFile; fileRef = 0CE98FB92E53306500EC24E7 /* ProgressViewableTests.swift */; };
		0CE98FD42E53306500EC24E7 /* KeyboardObserverTests.swift in Sources */ = {isa = PBXBuildFile; fileRef = 0CE98FB62E53306500EC24E7 /* KeyboardObserverTests.swift */; };
		0CSTRESS022E53306500EC24E7 /* HUDStressTests.swift in Sources */ = {isa = PBXBuildFile; fileRef = 0CSTRESS012E53306500EC24E7 /* HUDStressTests.swift */; };
		607FACEC1AFB9204008FA782 /* Tests.swift in Sources */ = {isa = PBXBuildFile; fileRef = 607FACEB1AFB9204008FA782 /* Tests.swift */; };
/* End PBXBuildFile section */

/* Begin PBXContainerItemProxy section */
		607FACE61AFB9204008FA782 /* PBXContainerItemProxy */ = {
			isa = PBXContainerItemProxy;
			containerPortal = 607FACC81AFB9204008FA782 /* Project object */;
			proxyType = 1;
			remoteGlobalIDString = 607FACCF1AFB9204008FA782;
			remoteInfo = HUD;
		};
/* End PBXContainerItemProxy section */

/* Begin PBXFileReference section */
		0C24FA312FBF8F4F00C33036 /* AGENTS.md */ = {isa = PBXFileReference; lastKnownFileType = net.daringfireball.markdown; path = AGENTS.md; sourceTree = "<group>"; };
		0C24FA322FBF8F4F00C33036 /* CLAUDE.md */ = {isa = PBXFileReference; lastKnownFileType = net.daringfireball.markdown; path = CLAUDE.md; sourceTree = "<group>"; };
		0C24FA332FBF8F6600C33036 /* copilot-instructions.md */ = {isa = PBXFileReference; lastKnownFileType = net.daringfireball.markdown; name = "copilot-instructions.md"; path = ".github/copilot-instructions.md"; sourceTree = "<group>"; };
		0C24FA342FBF8F7F00C33036 /* .gitignore */ = {isa = PBXFileReference; lastKnownFileType = text; path = .gitignore; sourceTree = "<group>"; };
		0C24FB222FBFAB0200C33036 /* AppDelegate.swift */ = {isa = PBXFileReference; lastKnownFileType = sourcecode.swift; path = AppDelegate.swift; sourceTree = "<group>"; };
		0C24FB232FBFAB0200C33036 /* SceneDelegate.swift */ = {isa = PBXFileReference; lastKnownFileType = sourcecode.swift; path = SceneDelegate.swift; sourceTree = "<group>"; };
		0C24FB242FBFAB0200C33036 /* ViewController.swift */ = {isa = PBXFileReference; lastKnownFileType = sourcecode.swift; path = ViewController.swift; sourceTree = "<group>"; };
		0C24FB282FBFABCC00C33036 /* CHANGELOG.md */ = {isa = PBXFileReference; lastKnownFileType = net.daringfireball.markdown; path = CHANGELOG.md; sourceTree = "<group>"; };
		0C77546F2B550B200000AA43 /* Example tvOS.app */ = {isa = PBXFileReference; explicitFileType = wrapper.application; includeInIndex = 0; path = "Example tvOS.app"; sourceTree = BUILT_PRODUCTS_DIR; };
		0CA494362B71FC4000C0C8C7 /* README_CN.md */ = {isa = PBXFileReference; lastKnownFileType = net.daringfireball.markdown; path = README_CN.md; sourceTree = "<group>"; };
		0CE98FB22E53306500EC24E7 /* ExtensionsTests.swift */ = {isa = PBXFileReference; lastKnownFileType = sourcecode.swift; path = ExtensionsTests.swift; sourceTree = "<group>"; };
		0CE98FB32E53306500EC24E7 /* HUDExtendedTests.swift */ = {isa = PBXFileReference; lastKnownFileType = sourcecode.swift; path = HUDExtendedTests.swift; sourceTree = "<group>"; };
		0CE98FB52E53306500EC24E7 /* DisplayLinkTests.swift */ = {isa = PBXFileReference; lastKnownFileType = sourcecode.swift; path = DisplayLinkTests.swift; sourceTree = "<group>"; };
		0CE98FB62E53306500EC24E7 /* KeyboardObserverTests.swift */ = {isa = PBXFileReference; lastKnownFileType = sourcecode.swift; path = KeyboardObserverTests.swift; sourceTree = "<group>"; };
		0CE98FB82E53306500EC24E7 /* ActivityIndicatorViewableTests.swift */ = {isa = PBXFileReference; lastKnownFileType = sourcecode.swift; path = ActivityIndicatorViewableTests.swift; sourceTree = "<group>"; };
		0CE98FB92E53306500EC24E7 /* ProgressViewableTests.swift */ = {isa = PBXFileReference; lastKnownFileType = sourcecode.swift; path = ProgressViewableTests.swift; sourceTree = "<group>"; };
		0CE98FBA2E53306500EC24E7 /* RotateViewableTests.swift */ = {isa = PBXFileReference; lastKnownFileType = sourcecode.swift; path = RotateViewableTests.swift; sourceTree = "<group>"; };
		0CE98FBC2E53306500EC24E7 /* BackgroundViewTests.swift */ = {isa = PBXFileReference; lastKnownFileType = sourcecode.swift; path = BackgroundViewTests.swift; sourceTree = "<group>"; };
		0CE98FBD2E53306500EC24E7 /* BaseViewTests.swift */ = {isa = PBXFileReference; lastKnownFileType = sourcecode.swift; path = BaseViewTests.swift; sourceTree = "<group>"; };
		0CE98FBF2E53306500EC24E7 /* HUDTests.swift */ = {isa = PBXFileReference; lastKnownFileType = sourcecode.swift; path = HUDTests.swift; sourceTree = "<group>"; };
		0CE98FC02E53306500EC24E7 /* ModelTests.swift */ = {isa = PBXFileReference; lastKnownFileType = sourcecode.swift; path = ModelTests.swift; sourceTree = "<group>"; };
		0CE98FC22E53306500EC24E7 /* ActivityIndicatorViewTests.swift */ = {isa = PBXFileReference; lastKnownFileType = sourcecode.swift; path = ActivityIndicatorViewTests.swift; sourceTree = "<group>"; };
		0CE98FC42E53306500EC24E7 /* ProgressViewTests.swift */ = {isa = PBXFileReference; lastKnownFileType = sourcecode.swift; path = ProgressViewTests.swift; sourceTree = "<group>"; };
		0CE98FC62E53306500EC24E7 /* README.md */ = {isa = PBXFileReference; lastKnownFileType = net.daringfireball.markdown; path = README.md; sourceTree = "<group>"; };
		0CSTRESS012E53306500EC24E7 /* HUDStressTests.swift */ = {isa = PBXFileReference; lastKnownFileType = sourcecode.swift; path = HUDStressTests.swift; sourceTree = "<group>"; };
		49272EEED1155CB868DD89DB /* LICENSE */ = {isa = PBXFileReference; includeInIndex = 1; lastKnownFileType = text; path = LICENSE; sourceTree = "<group>"; };
		560C516F554DA412B5D00A24 /* FlyHUD.podspec */ = {isa = PBXFileReference; includeInIndex = 1; lastKnownFileType = text; path = FlyHUD.podspec; sourceTree = "<group>"; };
		607FACD01AFB9204008FA782 /* Example iOS.app */ = {isa = PBXFileReference; explicitFileType = wrapper.application; includeInIndex = 0; path = "Example iOS.app"; sourceTree = BUILT_PRODUCTS_DIR; };
		607FACE51AFB9204008FA782 /* Example Tests.xctest */ = {isa = PBXFileReference; explicitFileType = wrapper.cfbundle; includeInIndex = 0; path = "Example Tests.xctest"; sourceTree = BUILT_PRODUCTS_DIR; };
		607FACEA1AFB9204008FA782 /* Info.plist */ = {isa = PBXFileReference; lastKnownFileType = text.plist.xml; path = Info.plist; sourceTree = "<group>"; };
		607FACEB1AFB9204008FA782 /* Tests.swift */ = {isa = PBXFileReference; lastKnownFileType = sourcecode.swift; path = Tests.swift; sourceTree = "<group>"; };
		91C2CBFFF8D07F66E06D66D9 /* Example SwiftUI.app */ = {isa = PBXFileReference; explicitFileType = wrapper.application; includeInIndex = 0; path = "Example SwiftUI.app"; sourceTree = BUILT_PRODUCTS_DIR; };
		9E0324869DDCF5B38A611744 /* README.md */ = {isa = PBXFileReference; includeInIndex = 1; lastKnownFileType = net.daringfireball.markdown; path = README.md; sourceTree = "<group>"; };
/* End PBXFileReference section */

/* Begin PBXFileSystemSynchronizedBuildFileExceptionSet section */
		0CB33CF82FC3EFA100006E15 /* PBXFileSystemSynchronizedBuildFileExceptionSet */ = {
			isa = PBXFileSystemSynchronizedBuildFileExceptionSet;
			membershipExceptions = (
				Info.plist,
			);
			target = 0C77546E2B550B200000AA43 /* Example tvOS */;
		};
		0CDE230B2FBF8A3D006EA2FB /* PBXFileSystemSynchronizedBuildFileExceptionSet */ = {
			isa = PBXFileSystemSynchronizedBuildFileExceptionSet;
			membershipExceptions = (
				AppIcon.icon,
				Assets.xcassets,
			);
			target = CF9DD56AB56B2E351BF1C680 /* Example SwiftUI */;
		};
		0CDE230D2FBF8A6B006EA2FB /* PBXFileSystemSynchronizedBuildFileExceptionSet */ = {
			isa = PBXFileSystemSynchronizedBuildFileExceptionSet;
			membershipExceptions = (
				AppIcon.icon,
			);
			target = 0C77546E2B550B200000AA43 /* Example tvOS */;
		};
		0CDE230F2FBF8A99006EA2FB /* PBXFileSystemSynchronizedBuildFileExceptionSet */ = {
			isa = PBXFileSystemSynchronizedBuildFileExceptionSet;
			membershipExceptions = (
				Info.plist,
			);
			target = 607FACCF1AFB9204008FA782 /* Example iOS */;
		};
/* End PBXFileSystemSynchronizedBuildFileExceptionSet section */

/* Begin PBXFileSystemSynchronizedRootGroup section */
		0C0A1CBF2FBE536400DC1131 /* Resources */ = {isa = PBXFileSystemSynchronizedRootGroup; exceptions = (0CB33CF82FC3EFA100006E15 /* PBXFileSystemSynchronizedBuildFileExceptionSet */, ); explicitFileTypes = {}; explicitFolders = (); path = Resources; sourceTree = "<group>"; };
		0CC9C7BD2FBE446E003AF3C3 /* Resources */ = {isa = PBXFileSystemSynchronizedRootGroup; exceptions = (0CDE230F2FBF8A99006EA2FB /* PBXFileSystemSynchronizedBuildFileExceptionSet */, 0CDE230D2FBF8A6B006EA2FB /* PBXFileSystemSynchronizedBuildFileExceptionSet */, 0CDE230B2FBF8A3D006EA2FB /* PBXFileSystemSynchronizedBuildFileExceptionSet */, ); explicitFileTypes = {}; explicitFolders = (); path = Resources; sourceTree = "<group>"; };
		0CC9C7BF2FBE44CB003AF3C3 /* ObjC */ = {isa = PBXFileSystemSynchronizedRootGroup; explicitFileTypes = {}; explicitFolders = (); path = ObjC; sourceTree = "<group>"; };
		0CC9C7C62FBE45A7003AF3C3 /* Views */ = {isa = PBXFileSystemSynchronizedRootGroup; explicitFileTypes = {}; explicitFolders = (); path = Views; sourceTree = "<group>"; };
		0CC9C7CE2FBE45C4003AF3C3 /* ViewModels */ = {isa = PBXFileSystemSynchronizedRootGroup; explicitFileTypes = {}; explicitFolders = (); path = ViewModels; sourceTree = "<group>"; };
		0CC9C7D12FBE45D8003AF3C3 /* Models */ = {isa = PBXFileSystemSynchronizedRootGroup; explicitFileTypes = {}; explicitFolders = (); path = Models; sourceTree = "<group>"; };
		0CC9C83C2FBE490B003AF3C3 /* Helpers */ = {isa = PBXFileSystemSynchronizedRootGroup; explicitFileTypes = {}; explicitFolders = (); path = Helpers; sourceTree = "<group>"; };
		0CC9C83D2FBE4915003AF3C3 /* App */ = {isa = PBXFileSystemSynchronizedRootGroup; explicitFileTypes = {}; explicitFolders = (); path = App; sourceTree = "<group>"; };
		0CC9C84B2FBE49C1003AF3C3 /* Views */ = {isa = PBXFileSystemSynchronizedRootGroup; explicitFileTypes = {}; explicitFolders = (); path = Views; sourceTree = "<group>"; };
		0CC9C84C2FBE49C9003AF3C3 /* Helpers */ = {isa = PBXFileSystemSynchronizedRootGroup; explicitFileTypes = {}; explicitFolders = (); path = Helpers; sourceTree = "<group>"; };
		0CC9C84D2FBE49D3003AF3C3 /* App */ = {isa = PBXFileSystemSynchronizedRootGroup; explicitFileTypes = {}; explicitFolders = (); path = App; sourceTree = "<group>"; };
/* End PBXFileSystemSynchronizedRootGroup section */

/* Begin PBXFrameworksBuildPhase section */
		03A55FFED4C2E3E75A729264 /* Frameworks */ = {
			isa = PBXFrameworksBuildPhase;
			buildActionMask = 2147483647;
			files = (
				0CC9C84A2FBE4977003AF3C3 /* FlyProgressHUD in Frameworks */,
				0CC9C8482FBE4977003AF3C3 /* FlyIndicatorHUD in Frameworks */,
				0CC9C8462FBE4977003AF3C3 /* FlyHUD in Frameworks */,
			);
			runOnlyForDeploymentPostprocessing = 0;
		};
		0C77546C2B550B200000AA43 /* Frameworks */ = {
			isa = PBXFrameworksBuildPhase;
			buildActionMask = 2147483647;
			files = (
				0C1245812FBE4F9E00DE9E08 /* FlyProgressHUD in Frameworks */,
				0C12457F2FBE4F9E00DE9E08 /* FlyIndicatorHUD in Frameworks */,
				0C12457D2FBE4F9E00DE9E08 /* FlyHUD in Frameworks */,
			);
			runOnlyForDeploymentPostprocessing = 0;
		};
		607FACCD1AFB9204008FA782 /* Frameworks */ = {
			isa = PBXFrameworksBuildPhase;
			buildActionMask = 2147483647;
			files = (
				0C1245752FBE4F8300DE9E08 /* FlyProgressHUD in Frameworks */,
				0C1245732FBE4F8300DE9E08 /* FlyIndicatorHUD in Frameworks */,
				0C1245712FBE4F8300DE9E08 /* FlyHUD in Frameworks */,
			);
			runOnlyForDeploymentPostprocessing = 0;
		};
		607FACE21AFB9204008FA782 /* Frameworks */ = {
			isa = PBXFrameworksBuildPhase;
			buildActionMask = 2147483647;
			files = (
				0C12457B2FBE4F9300DE9E08 /* FlyProgressHUD in Frameworks */,
				0C1245792FBE4F9300DE9E08 /* FlyIndicatorHUD in Frameworks */,
				0C1245772FBE4F9300DE9E08 /* FlyHUD in Frameworks */,
			);
			runOnlyForDeploymentPostprocessing = 0;
		};
/* End PBXFrameworksBuildPhase section */

/* Begin PBXGroup section */
		0C12456F2FBE4F8300DE9E08 /* Frameworks */ = {
			isa = PBXGroup;
			children = (
			);
			name = Frameworks;
			sourceTree = "<group>";
		};
		0C7754702B550B200000AA43 /* Example tvOS */ = {
			isa = PBXGroup;
			children = (
				0C24FB222FBFAB0200C33036 /* AppDelegate.swift */,
				0C24FB232FBFAB0200C33036 /* SceneDelegate.swift */,
				0C24FB242FBFAB0200C33036 /* ViewController.swift */,
				0C0A1CBF2FBE536400DC1131 /* Resources */,
			);
			path = "Example tvOS";
			sourceTree = "<group>";
		};
		0CE98FB42E53306500EC24E7 /* Extensions */ = {
			isa = PBXGroup;
			children = (
				0CE98FB22E53306500EC24E7 /* ExtensionsTests.swift */,
				0CE98FB32E53306500EC24E7 /* HUDExtendedTests.swift */,
			);
			path = Extensions;
			sourceTree = "<group>";
		};
		0CE98FB72E53306500EC24E7 /* Observables */ = {
			isa = PBXGroup;
			children = (
				0CE98FB52E53306500EC24E7 /* DisplayLinkTests.swift */,
				0CE98FB62E53306500EC24E7 /* KeyboardObserverTests.swift */,
			);
			path = Observables;
			sourceTree = "<group>";
		};
		0CE98FBB2E53306500EC24E7 /* Protocols */ = {
			isa = PBXGroup;
			children = (
				0CE98FB82E53306500EC24E7 /* ActivityIndicatorViewableTests.swift */,
				0CE98FB92E53306500EC24E7 /* ProgressViewableTests.swift */,
				0CE98FBA2E53306500EC24E7 /* RotateViewableTests.swift */,
			);
			path = Protocols;
			sourceTree = "<group>";
		};
		0CE98FBE2E53306500EC24E7 /* Views */ = {
			isa = PBXGroup;
			children = (
				0CE98FBC2E53306500EC24E7 /* BackgroundViewTests.swift */,
				0CE98FBD2E53306500EC24E7 /* BaseViewTests.swift */,
			);
			path = Views;
			sourceTree = "<group>";
		};
		0CE98FC12E53306500EC24E7 /* HUD */ = {
			isa = PBXGroup;
			children = (
				0CE98FB42E53306500EC24E7 /* Extensions */,
				0CE98FB72E53306500EC24E7 /* Observables */,
				0CE98FBB2E53306500EC24E7 /* Protocols */,
				0CE98FBE2E53306500EC24E7 /* Views */,
				0CE98FBF2E53306500EC24E7 /* HUDTests.swift */,
				0CSTRESS012E53306500EC24E7 /* HUDStressTests.swift */,
				0CE98FC02E53306500EC24E7 /* ModelTests.swift */,
			);
			path = HUD;
			sourceTree = "<group>";
		};
		0CE98FC32E53306500EC24E7 /* IndicatorHUD */ = {
			isa = PBXGroup;
			children = (
				0CE98FC22E53306500EC24E7 /* ActivityIndicatorViewTests.swift */,
			);
			path = IndicatorHUD;
			sourceTree = "<group>";
		};
		0CE98FC52E53306500EC24E7 /* ProgressHUD */ = {
			isa = PBXGroup;
			children = (
				0CE98FC42E53306500EC24E7 /* ProgressViewTests.swift */,
			);
			path = ProgressHUD;
			sourceTree = "<group>";
		};
		607FACC71AFB9204008FA782 = {
			isa = PBXGroup;
			children = (
				607FACF51AFB993E008FA782 /* Podspec Metadata */,
				607FACD21AFB9204008FA782 /* Example iOS */,
				0C7754702B550B200000AA43 /* Example tvOS */,
				A8ECB3F5C81BEBFE12BE41A1 /* Example SwiftUI */,
				607FACE81AFB9204008FA782 /* Tests */,
				0C12456F2FBE4F8300DE9E08 /* Frameworks */,
				607FACD11AFB9204008FA782 /* Products */,
			);
			sourceTree = "<group>";
		};
		607FACD11AFB9204008FA782 /* Products */ = {
			isa = PBXGroup;
			children = (
				607FACD01AFB9204008FA782 /* Example iOS.app */,
				607FACE51AFB9204008FA782 /* Example Tests.xctest */,
				0C77546F2B550B200000AA43 /* Example tvOS.app */,
				91C2CBFFF8D07F66E06D66D9 /* Example SwiftUI.app */,
			);
			name = Products;
			sourceTree = "<group>";
		};
		607FACD21AFB9204008FA782 /* Example iOS */ = {
			isa = PBXGroup;
			children = (
				0CC9C83D2FBE4915003AF3C3 /* App */,
				0CC9C83C2FBE490B003AF3C3 /* Helpers */,
				0CC9C7BD2FBE446E003AF3C3 /* Resources */,
				0CC9C7D12FBE45D8003AF3C3 /* Models */,
				0CC9C7CE2FBE45C4003AF3C3 /* ViewModels */,
				0CC9C7C62FBE45A7003AF3C3 /* Views */,
				0CC9C7BF2FBE44CB003AF3C3 /* ObjC */,
			);
			path = "Example iOS";
			sourceTree = "<group>";
		};
		607FACE81AFB9204008FA782 /* Tests */ = {
			isa = PBXGroup;
			children = (
				607FACEB1AFB9204008FA782 /* Tests.swift */,
				0CE98FC12E53306500EC24E7 /* HUD */,
				0CE98FC32E53306500EC24E7 /* IndicatorHUD */,
				0CE98FC52E53306500EC24E7 /* ProgressHUD */,
				0CE98FC62E53306500EC24E7 /* README.md */,
				607FACEA1AFB9204008FA782 /* Info.plist */,
			);
			path = Tests;
			sourceTree = "<group>";
		};
		607FACF51AFB993E008FA782 /* Podspec Metadata */ = {
			isa = PBXGroup;
			children = (
				0C24FA342FBF8F7F00C33036 /* .gitignore */,
				0C24FA332FBF8F6600C33036 /* copilot-instructions.md */,
				0C24FA312FBF8F4F00C33036 /* AGENTS.md */,
				0C24FA322FBF8F4F00C33036 /* CLAUDE.md */,
				0CA494362B71FC4000C0C8C7 /* README_CN.md */,
				9E0324869DDCF5B38A611744 /* README.md */,
				0C24FB282FBFABCC00C33036 /* CHANGELOG.md */,
				49272EEED1155CB868DD89DB /* LICENSE */,
				560C516F554DA412B5D00A24 /* FlyHUD.podspec */,
			);
			name = "Podspec Metadata";
			sourceTree = "<group>";
		};
		A8ECB3F5C81BEBFE12BE41A1 /* Example SwiftUI */ = {
			isa = PBXGroup;
			children = (
				0CC9C84D2FBE49D3003AF3C3 /* App */,
				0CC9C84C2FBE49C9003AF3C3 /* Helpers */,
				0CC9C84B2FBE49C1003AF3C3 /* Views */,
			);
			path = "Example SwiftUI";
			sourceTree = "<group>";
		};
/* End PBXGroup section */

/* Begin PBXNativeTarget section */
		0C77546E2B550B200000AA43 /* Example tvOS */ = {
			isa = PBXNativeTarget;
			buildConfigurationList = 0C7754992B550B210000AA43 /* Build configuration list for PBXNativeTarget "Example tvOS" */;
			buildPhases = (
				0C77546B2B550B200000AA43 /* Sources */,
				0C77546C2B550B200000AA43 /* Frameworks */,
				0C77546D2B550B200000AA43 /* Resources */,
			);
			buildRules = (
			);
			dependencies = (
			);
			fileSystemSynchronizedGroups = (
				0C0A1CBF2FBE536400DC1131 /* Resources */,
			);
			name = "Example tvOS";
			productName = HUD_ExampleTV;
			productReference = 0C77546F2B550B200000AA43 /* Example tvOS.app */;
			productType = "com.apple.product-type.application";
		};
		607FACCF1AFB9204008FA782 /* Example iOS */ = {
			isa = PBXNativeTarget;
			buildConfigurationList = 607FACEF1AFB9204008FA782 /* Build configuration list for PBXNativeTarget "Example iOS" */;
			buildPhases = (
				607FACCC1AFB9204008FA782 /* Sources */,
				607FACCD1AFB9204008FA782 /* Frameworks */,
				607FACCE1AFB9204008FA782 /* Resources */,
			);
			buildRules = (
			);
			dependencies = (
			);
			fileSystemSynchronizedGroups = (
				0CC9C7BD2FBE446E003AF3C3 /* Resources */,
				0CC9C7BF2FBE44CB003AF3C3 /* ObjC */,
				0CC9C7C62FBE45A7003AF3C3 /* Views */,
				0CC9C7CE2FBE45C4003AF3C3 /* ViewModels */,
				0CC9C7D12FBE45D8003AF3C3 /* Models */,
				0CC9C83C2FBE490B003AF3C3 /* Helpers */,
				0CC9C83D2FBE4915003AF3C3 /* App */,
			);
			name = "Example iOS";
			productName = HUD;
			productReference = 607FACD01AFB9204008FA782 /* Example iOS.app */;
			productType = "com.apple.product-type.application";
		};
		607FACE41AFB9204008FA782 /* Example Tests */ = {
			isa = PBXNativeTarget;
			buildConfigurationList = 607FACF21AFB9204008FA782 /* Build configuration list for PBXNativeTarget "Example Tests" */;
			buildPhases = (
				607FACE11AFB9204008FA782 /* Sources */,
				607FACE21AFB9204008FA782 /* Frameworks */,
				607FACE31AFB9204008FA782 /* Resources */,
			);
			buildRules = (
			);
			dependencies = (
				607FACE71AFB9204008FA782 /* PBXTargetDependency */,
			);
			name = "Example Tests";
			productName = Tests;
			productReference = 607FACE51AFB9204008FA782 /* Example Tests.xctest */;
			productType = "com.apple.product-type.bundle.unit-test";
		};
		CF9DD56AB56B2E351BF1C680 /* Example SwiftUI */ = {
			isa = PBXNativeTarget;
			buildConfigurationList = 5B44336AF9DAF0C493EE86CF /* Build configuration list for PBXNativeTarget "Example SwiftUI" */;
			buildPhases = (
				9D8EDAFD4A475F96E448F1B3 /* Sources */,
				03A55FFED4C2E3E75A729264 /* Frameworks */,
				D052516BE5DC7D02D884C619 /* Resources */,
			);
			buildRules = (
			);
			dependencies = (
			);
			fileSystemSynchronizedGroups = (
				0CC9C84B2FBE49C1003AF3C3 /* Views */,
				0CC9C84C2FBE49C9003AF3C3 /* Helpers */,
				0CC9C84D2FBE49D3003AF3C3 /* App */,
			);
			name = "Example SwiftUI";
			packageProductDependencies = (
				0CC9C8452FBE4977003AF3C3 /* FlyHUD */,
				0CC9C8472FBE4977003AF3C3 /* FlyIndicatorHUD */,
				0CC9C8492FBE4977003AF3C3 /* FlyProgressHUD */,
			);
			productName = "Example SwiftUI";
			productReference = 91C2CBFFF8D07F66E06D66D9 /* Example SwiftUI.app */;
			productType = "com.apple.product-type.application";
		};
/* End PBXNativeTarget section */

/* Begin PBXProject section */
		607FACC81AFB9204008FA782 /* Project object */ = {
			isa = PBXProject;
			attributes = {
				BuildIndependentTargetsInParallel = YES;
				LastSwiftUpdateCheck = 1510;
				LastUpgradeCheck = 2650;
				ORGANIZATIONNAME = Liam;
				TargetAttributes = {
					0C77546E2B550B200000AA43 = {
						CreatedOnToolsVersion = 15.1;
						LastSwiftMigration = 2650;
						ProvisioningStyle = Automatic;
					};
					607FACCF1AFB9204008FA782 = {
						CreatedOnToolsVersion = 6.3.1;
						LastSwiftMigration = 1520;
					};
					607FACE41AFB9204008FA782 = {
						CreatedOnToolsVersion = 6.3.1;
						LastSwiftMigration = 1250;
						TestTargetID = 607FACCF1AFB9204008FA782;
					};
				};
			};
			buildConfigurationList = 607FACCB1AFB9204008FA782 /* Build configuration list for PBXProject "FlyHUD" */;
			compatibilityVersion = "Xcode 3.2";
			developmentRegion = en;
			hasScannedForEncodings = 0;
			knownRegions = (
				en,
				Base,
				ar,
			);
			mainGroup = 607FACC71AFB9204008FA782;
			packageReferences = (
				0CC9C8442FBE4977003AF3C3 /* XCLocalSwiftPackageReference "../FlyHUD" */,
			);
			productRefGroup = 607FACD11AFB9204008FA782 /* Products */;
			projectDirPath = "";
			projectRoot = "";
			targets = (
				607FACCF1AFB9204008FA782 /* Example iOS */,
				607FACE41AFB9204008FA782 /* Example Tests */,
				0C77546E2B550B200000AA43 /* Example tvOS */,
				CF9DD56AB56B2E351BF1C680 /* Example SwiftUI */,
			);
		};
/* End PBXProject section */

/* Begin PBXResourcesBuildPhase section */
		0C77546D2B550B200000AA43 /* Resources */ = {
			isa = PBXResourcesBuildPhase;
			buildActionMask = 2147483647;
			files = (
			);
			runOnlyForDeploymentPostprocessing = 0;
		};
		607FACCE1AFB9204008FA782 /* Resources */ = {
			isa = PBXResourcesBuildPhase;
			buildActionMask = 2147483647;
			files = (
			);
			runOnlyForDeploymentPostprocessing = 0;
		};
		607FACE31AFB9204008FA782 /* Resources */ = {
			isa = PBXResourcesBuildPhase;
			buildActionMask = 2147483647;
			files = (
			);
			runOnlyForDeploymentPostprocessing = 0;
		};
		D052516BE5DC7D02D884C619 /* Resources */ = {
			isa = PBXResourcesBuildPhase;
			buildActionMask = 2147483647;
			files = (
			);
			runOnlyForDeploymentPostprocessing = 0;
		};
/* End PBXResourcesBuildPhase section */

/* Begin PBXSourcesBuildPhase section */
		0C77546B2B550B200000AA43 /* Sources */ = {
			isa = PBXSourcesBuildPhase;
			buildActionMask = 2147483647;
			files = (
				0C24FB252FBFAB0200C33036 /* ViewController.swift in Sources */,
				0C24FB262FBFAB0200C33036 /* AppDelegate.swift in Sources */,
				0C24FB272FBFAB0200C33036 /* SceneDelegate.swift in Sources */,
			);
			runOnlyForDeploymentPostprocessing = 0;
		};
		607FACCC1AFB9204008FA782 /* Sources */ = {
			isa = PBXSourcesBuildPhase;
			buildActionMask = 2147483647;
			files = (
			);
			runOnlyForDeploymentPostprocessing = 0;
		};
		607FACE11AFB9204008FA782 /* Sources */ = {
			isa = PBXSourcesBuildPhase;
			buildActionMask = 2147483647;
			files = (
				607FACEC1AFB9204008FA782 /* Tests.swift in Sources */,
				0CE98FC82E53306500EC24E7 /* DisplayLinkTests.swift in Sources */,
				0CE98FC92E53306500EC24E7 /* ModelTests.swift in Sources */,
				0CE98FCA2E53306500EC24E7 /* ExtensionsTests.swift in Sources */,
				0CE98FCB2E53306500EC24E7 /* BackgroundViewTests.swift in Sources */,
				0CE98FCC2E53306500EC24E7 /* ActivityIndicatorViewableTests.swift in Sources */,
				0CE98FCD2E53306500EC24E7 /* HUDExtendedTests.swift in Sources */,
				0CE98FCE2E53306500EC24E7 /* BaseViewTests.swift in Sources */,
				0CE98FCF2E53306500EC24E7 /* HUDTests.swift in Sources */,
				0CSTRESS022E53306500EC24E7 /* HUDStressTests.swift in Sources */,
				0CE98FD02E53306500EC24E7 /* ProgressViewTests.swift in Sources */,
				0CE98FD12E53306500EC24E7 /* ActivityIndicatorViewTests.swift in Sources */,
				0CE98FD22E53306500EC24E7 /* RotateViewableTests.swift in Sources */,
				0CE98FD32E53306500EC24E7 /* ProgressViewableTests.swift in Sources */,
				0CE98FD42E53306500EC24E7 /* KeyboardObserverTests.swift in Sources */,
			);
			runOnlyForDeploymentPostprocessing = 0;
		};
		9D8EDAFD4A475F96E448F1B3 /* Sources */ = {
			isa = PBXSourcesBuildPhase;
			buildActionMask = 2147483647;
			files = (
			);
			runOnlyForDeploymentPostprocessing = 0;
		};
/* End PBXSourcesBuildPhase section */

/* Begin PBXTargetDependency section */
		607FACE71AFB9204008FA782 /* PBXTargetDependency */ = {
			isa = PBXTargetDependency;
			target = 607FACCF1AFB9204008FA782 /* Example iOS */;
			targetProxy = 607FACE61AFB9204008FA782 /* PBXContainerItemProxy */;
		};
/* End PBXTargetDependency section */

/* Begin XCBuildConfiguration section */
		0C7754932B550B210000AA43 /* Debug */ = {
			isa = XCBuildConfiguration;
			buildSettings = {
				ASSETCATALOG_COMPILER_APPICON_NAME = "App Icon & Top Shelf Image";
				ASSETCATALOG_COMPILER_GENERATE_SWIFT_ASSET_SYMBOL_EXTENSIONS = YES;
				ASSETCATALOG_COMPILER_GLOBAL_ACCENT_COLOR_NAME = AccentColor;
				CLANG_ANALYZER_NONNULL = YES;
				CLANG_ANALYZER_NUMBER_OBJECT_CONVERSION = YES_AGGRESSIVE;
				CLANG_CXX_LANGUAGE_STANDARD = "gnu++20";
				CLANG_ENABLE_MODULES = YES;
				CLANG_ENABLE_OBJC_WEAK = YES;
				CLANG_WARN_DOCUMENTATION_COMMENTS = YES;
				CLANG_WARN_UNGUARDED_AVAILABILITY = YES_AGGRESSIVE;
				CODE_SIGN_STYLE = Automatic;
				CURRENT_PROJECT_VERSION = 1;
				DEBUG_INFORMATION_FORMAT = dwarf;
				DOCC_HOSTING_BASE_PATH = HUD/1.4.0;
				ENABLE_USER_SCRIPT_SANDBOXING = YES;
				GCC_C_LANGUAGE_STANDARD = gnu17;
				GENERATE_INFOPLIST_FILE = YES;
				INFOPLIST_FILE = "Example tvOS/Resources/Info.plist";
				INFOPLIST_KEY_UILaunchStoryboardName = LaunchScreen;
				INFOPLIST_KEY_UIUserInterfaceStyle = Automatic;
				LD_RUNPATH_SEARCH_PATHS = (
					"$(inherited)",
					"@executable_path/Frameworks",
				);
				LOCALIZATION_PREFERS_STRING_CATALOGS = YES;
				MARKETING_VERSION = 1.6.0;
				MTL_ENABLE_DEBUG_INFO = INCLUDE_SOURCE;
				MTL_FAST_MATH = YES;
				PRODUCT_BUNDLE_IDENTIFIER = "com.liam.HUD-ExampletvOS";
				PRODUCT_NAME = "$(TARGET_NAME)";
				SDKROOT = appletvos;
				SWIFT_ACTIVE_COMPILATION_CONDITIONS = "DEBUG $(inherited)";
				SWIFT_EMIT_LOC_STRINGS = YES;
				SWIFT_OPTIMIZATION_LEVEL = "-Onone";
				SWIFT_VERSION = 6.0;
				TARGETED_DEVICE_FAMILY = 3;
				TVOS_DEPLOYMENT_TARGET = 13.0;
			};
			name = Debug;
		};
		0C7754942B550B210000AA43 /* Release */ = {
			isa = XCBuildConfiguration;
			buildSettings = {
				ASSETCATALOG_COMPILER_APPICON_NAME = "App Icon & Top Shelf Image";
				ASSETCATALOG_COMPILER_GENERATE_SWIFT_ASSET_SYMBOL_EXTENSIONS = YES;
				ASSETCATALOG_COMPILER_GLOBAL_ACCENT_COLOR_NAME = AccentColor;
				CLANG_ANALYZER_NONNULL = YES;
				CLANG_ANALYZER_NUMBER_OBJECT_CONVERSION = YES_AGGRESSIVE;
				CLANG_CXX_LANGUAGE_STANDARD = "gnu++20";
				CLANG_ENABLE_MODULES = YES;
				CLANG_ENABLE_OBJC_WEAK = YES;
				CLANG_WARN_DOCUMENTATION_COMMENTS = YES;
				CLANG_WARN_UNGUARDED_AVAILABILITY = YES_AGGRESSIVE;
				CODE_SIGN_STYLE = Automatic;
				CURRENT_PROJECT_VERSION = 1;
				DOCC_HOSTING_BASE_PATH = HUD/1.4.0;
				ENABLE_USER_SCRIPT_SANDBOXING = YES;
				GCC_C_LANGUAGE_STANDARD = gnu17;
				GENERATE_INFOPLIST_FILE = YES;
				INFOPLIST_FILE = "Example tvOS/Resources/Info.plist";
				INFOPLIST_KEY_UILaunchStoryboardName = LaunchScreen;
				INFOPLIST_KEY_UIUserInterfaceStyle = Automatic;
				LD_RUNPATH_SEARCH_PATHS = (
					"$(inherited)",
					"@executable_path/Frameworks",
				);
				LOCALIZATION_PREFERS_STRING_CATALOGS = YES;
				MARKETING_VERSION = 1.6.0;
				MTL_FAST_MATH = YES;
				PRODUCT_BUNDLE_IDENTIFIER = "com.liam.HUD-ExampletvOS";
				PRODUCT_NAME = "$(TARGET_NAME)";
				SDKROOT = appletvos;
				SWIFT_EMIT_LOC_STRINGS = YES;
				SWIFT_VERSION = 6.0;
				TARGETED_DEVICE_FAMILY = 3;
				TVOS_DEPLOYMENT_TARGET = 13.0;
			};
			name = Release;
		};
		607FACED1AFB9204008FA782 /* Debug */ = {
			isa = XCBuildConfiguration;
			buildSettings = {
				ALWAYS_SEARCH_USER_PATHS = NO;
				CLANG_ANALYZER_LOCALIZABILITY_NONLOCALIZED = YES;
				CLANG_CXX_LANGUAGE_STANDARD = "gnu++0x";
				CLANG_CXX_LIBRARY = "libc++";
				CLANG_ENABLE_MODULES = YES;
				CLANG_ENABLE_OBJC_ARC = YES;
				CLANG_WARN_BLOCK_CAPTURE_AUTORELEASING = YES;
				CLANG_WARN_BOOL_CONVERSION = YES;
				CLANG_WARN_COMMA = YES;
				CLANG_WARN_CONSTANT_CONVERSION = YES;
				CLANG_WARN_DEPRECATED_OBJC_IMPLEMENTATIONS = YES;
				CLANG_WARN_DIRECT_OBJC_ISA_USAGE = YES_ERROR;
				CLANG_WARN_EMPTY_BODY = YES;
				CLANG_WARN_ENUM_CONVERSION = YES;
				CLANG_WARN_INFINITE_RECURSION = YES;
				CLANG_WARN_INT_CONVERSION = YES;
				CLANG_WARN_NON_LITERAL_NULL_CONVERSION = YES;
				CLANG_WARN_OBJC_IMPLICIT_RETAIN_SELF = YES;
				CLANG_WARN_OBJC_LITERAL_CONVERSION = YES;
				CLANG_WARN_OBJC_ROOT_CLASS = YES_ERROR;
				CLANG_WARN_QUOTED_INCLUDE_IN_FRAMEWORK_HEADER = YES;
				CLANG_WARN_RANGE_LOOP_ANALYSIS = YES;
				CLANG_WARN_STRICT_PROTOTYPES = YES;
				CLANG_WARN_SUSPICIOUS_MOVE = YES;
				CLANG_WARN_UNREACHABLE_CODE = YES;
				CLANG_WARN__DUPLICATE_METHOD_MATCH = YES;
				"CODE_SIGN_IDENTITY[sdk=iphoneos*]" = "iPhone Developer";
				COPY_PHASE_STRIP = NO;
				DEBUG_INFORMATION_FORMAT = dwarf;
				ENABLE_STRICT_OBJC_MSGSEND = YES;
				ENABLE_TESTABILITY = YES;
				GCC_C_LANGUAGE_STANDARD = gnu99;
				GCC_DYNAMIC_NO_PIC = NO;
				GCC_NO_COMMON_BLOCKS = YES;
				GCC_OPTIMIZATION_LEVEL = 0;
				GCC_PREPROCESSOR_DEFINITIONS = (
					"DEBUG=1",
					"$(inherited)",
				);
				GCC_SYMBOLS_PRIVATE_EXTERN = NO;
				GCC_WARN_64_TO_32_BIT_CONVERSION = YES;
				GCC_WARN_ABOUT_RETURN_TYPE = YES_ERROR;
				GCC_WARN_UNDECLARED_SELECTOR = YES;
				GCC_WARN_UNINITIALIZED_AUTOS = YES_AGGRESSIVE;
				GCC_WARN_UNUSED_FUNCTION = YES;
				GCC_WARN_UNUSED_VARIABLE = YES;
				MTL_ENABLE_DEBUG_INFO = YES;
				ONLY_ACTIVE_ARCH = YES;
				SDKROOT = iphoneos;
				STRING_CATALOG_GENERATE_SYMBOLS = YES;
				SWIFT_OPTIMIZATION_LEVEL = "-Onone";
				SWIFT_VERSION = 5.0;
			};
			name = Debug;
		};
		607FACEE1AFB9204008FA782 /* Release */ = {
			isa = XCBuildConfiguration;
			buildSettings = {
				ALWAYS_SEARCH_USER_PATHS = NO;
				CLANG_ANALYZER_LOCALIZABILITY_NONLOCALIZED = YES;
				CLANG_CXX_LANGUAGE_STANDARD = "gnu++0x";
				CLANG_CXX_LIBRARY = "libc++";
				CLANG_ENABLE_MODULES = YES;
				CLANG_ENABLE_OBJC_ARC = YES;
				CLANG_WARN_BLOCK_CAPTURE_AUTORELEASING = YES;
				CLANG_WARN_BOOL_CONVERSION = YES;
				CLANG_WARN_COMMA = YES;
				CLANG_WARN_CONSTANT_CONVERSION = YES;
				CLANG_WARN_DEPRECATED_OBJC_IMPLEMENTATIONS = YES;
				CLANG_WARN_DIRECT_OBJC_ISA_USAGE = YES_ERROR;
				CLANG_WARN_EMPTY_BODY = YES;
				CLANG_WARN_ENUM_CONVERSION = YES;
				CLANG_WARN_INFINITE_RECURSION = YES;
				CLANG_WARN_INT_CONVERSION = YES;
				CLANG_WARN_NON_LITERAL_NULL_CONVERSION = YES;
				CLANG_WARN_OBJC_IMPLICIT_RETAIN_SELF = YES;
				CLANG_WARN_OBJC_LITERAL_CONVERSION = YES;
				CLANG_WARN_OBJC_ROOT_CLASS = YES_ERROR;
				CLANG_WARN_QUOTED_INCLUDE_IN_FRAMEWORK_HEADER = YES;
				CLANG_WARN_RANGE_LOOP_ANALYSIS = YES;
				CLANG_WARN_STRICT_PROTOTYPES = YES;
				CLANG_WARN_SUSPICIOUS_MOVE = YES;
				CLANG_WARN_UNREACHABLE_CODE = YES;
				CLANG_WARN__DUPLICATE_METHOD_MATCH = YES;
				"CODE_SIGN_IDENTITY[sdk=iphoneos*]" = "iPhone Developer";
				COPY_PHASE_STRIP = NO;
				DEBUG_INFORMATION_FORMAT = "dwarf-with-dsym";
				ENABLE_NS_ASSERTIONS = NO;
				ENABLE_STRICT_OBJC_MSGSEND = YES;
				GCC_C_LANGUAGE_STANDARD = gnu99;
				GCC_NO_COMMON_BLOCKS = YES;
				GCC_WARN_64_TO_32_BIT_CONVERSION = YES;
				GCC_WARN_ABOUT_RETURN_TYPE = YES_ERROR;
				GCC_WARN_UNDECLARED_SELECTOR = YES;
				GCC_WARN_UNINITIALIZED_AUTOS = YES_AGGRESSIVE;
				GCC_WARN_UNUSED_FUNCTION = YES;
				GCC_WARN_UNUSED_VARIABLE = YES;
				MTL_ENABLE_DEBUG_INFO = NO;
				SDKROOT = iphoneos;
				STRING_CATALOG_GENERATE_SYMBOLS = YES;
				SWIFT_COMPILATION_MODE = wholemodule;
				SWIFT_OPTIMIZATION_LEVEL = "-O";
				SWIFT_VERSION = 5.0;
				VALIDATE_PRODUCT = YES;
			};
			name = Release;
		};
		607FACF01AFB9204008FA782 /* Debug */ = {
			isa = XCBuildConfiguration;
			buildSettings = {
				ASSETCATALOG_COMPILER_APPICON_NAME = AppIcon;
				CLANG_ENABLE_MODULES = YES;
				DEVELOPMENT_TEAM = "";
				INFOPLIST_FILE = "Example iOS/Resources/Info.plist";
				IPHONEOS_DEPLOYMENT_TARGET = 13.0;
				LD_RUNPATH_SEARCH_PATHS = (
					"$(inherited)",
					"@executable_path/Frameworks",
				);
				MARKETING_VERSION = 1.6.0;
				MODULE_NAME = ExampleApp;
				PRODUCT_BUNDLE_IDENTIFIER = "com.liam.HUD-ExampleiOS";
				PRODUCT_NAME = "$(TARGET_NAME)";
				SUPPORTED_PLATFORMS = "iphoneos iphonesimulator xros xrsimulator";
				SUPPORTS_XR_DESIGNED_FOR_IPHONE_IPAD = NO;
				SWIFT_OBJC_BRIDGING_HEADER = "Example iOS/ObjC/iOS-Bridging-Header.h";
				SWIFT_OPTIMIZATION_LEVEL = "-Onone";
				SWIFT_SWIFT3_OBJC_INFERENCE = Default;
				SWIFT_VERSION = 6.0;
				XROS_DEPLOYMENT_TARGET = 1.0;
			};
			name = Debug;
		};
		607FACF11AFB9204008FA782 /* Release */ = {
			isa = XCBuildConfiguration;
			buildSettings = {
				ASSETCATALOG_COMPILER_APPICON_NAME = AppIcon;
				CLANG_ENABLE_MODULES = YES;
				DEVELOPMENT_TEAM = "";
				INFOPLIST_FILE = "Example iOS/Resources/Info.plist";
				IPHONEOS_DEPLOYMENT_TARGET = 13.0;
				LD_RUNPATH_SEARCH_PATHS = (
					"$(inherited)",
					"@executable_path/Frameworks",
				);
				MARKETING_VERSION = 1.6.0;
				MODULE_NAME = ExampleApp;
				PRODUCT_BUNDLE_IDENTIFIER = "com.liam.HUD-ExampleiOS";
				PRODUCT_NAME = "$(TARGET_NAME)";
				SUPPORTED_PLATFORMS = "iphoneos iphonesimulator xros xrsimulator";
				SUPPORTS_XR_DESIGNED_FOR_IPHONE_IPAD = NO;
				SWIFT_OBJC_BRIDGING_HEADER = "Example iOS/ObjC/iOS-Bridging-Header.h";
				SWIFT_SWIFT3_OBJC_INFERENCE = Default;
				SWIFT_VERSION = 6.0;
				XROS_DEPLOYMENT_TARGET = 1.0;
			};
			name = Release;
		};
		607FACF31AFB9204008FA782 /* Debug */ = {
			isa = XCBuildConfiguration;
			buildSettings = {
				DEVELOPMENT_TEAM = "";
				DOCC_HOSTING_BASE_PATH = HUD/1.4.0;
				FRAMEWORK_SEARCH_PATHS = (
					"$(PLATFORM_DIR)/Developer/Library/Frameworks",
					"$(inherited)",
				);
				GCC_PREPROCESSOR_DEFINITIONS = (
					"DEBUG=1",
					"$(inherited)",
				);
				INFOPLIST_FILE = Tests/Info.plist;
				IPHONEOS_DEPLOYMENT_TARGET = 13.0;
				LD_RUNPATH_SEARCH_PATHS = (
					"$(inherited)",
					"@executable_path/Frameworks",
					"@loader_path/Frameworks",
				);
				PRODUCT_BUNDLE_IDENTIFIER = "com.liam.HUD-ExampleiOS-Tests";
				PRODUCT_NAME = "$(TARGET_NAME)";
				SWIFT_SWIFT3_OBJC_INFERENCE = Default;
				SWIFT_VERSION = 6.0;
				TEST_HOST = "$(BUILT_PRODUCTS_DIR)/Example iOS.app/Example iOS";
			};
			name = Debug;
		};
		607FACF41AFB9204008FA782 /* Release */ = {
			isa = XCBuildConfiguration;
			buildSettings = {
				DEVELOPMENT_TEAM = "";
				DOCC_HOSTING_BASE_PATH = HUD/1.4.0;
				FRAMEWORK_SEARCH_PATHS = (
					"$(PLATFORM_DIR)/Developer/Library/Frameworks",
					"$(inherited)",
				);
				INFOPLIST_FILE = Tests/Info.plist;
				IPHONEOS_DEPLOYMENT_TARGET = 13.0;
				LD_RUNPATH_SEARCH_PATHS = (
					"$(inherited)",
					"@executable_path/Frameworks",
					"@loader_path/Frameworks",
				);
				PRODUCT_BUNDLE_IDENTIFIER = "com.liam.HUD-ExampleiOS-Tests";
				PRODUCT_NAME = "$(TARGET_NAME)";
				SWIFT_SWIFT3_OBJC_INFERENCE = Default;
				SWIFT_VERSION = 6.0;
				TEST_HOST = "$(BUILT_PRODUCTS_DIR)/Example iOS.app/Example iOS";
			};
			name = Release;
		};
		6D3A0928B3141678DE6104A0 /* Release */ = {
			isa = XCBuildConfiguration;
			buildSettings = {
				ASSETCATALOG_COMPILER_APPICON_NAME = AppIcon;
				ASSETCATALOG_COMPILER_GLOBAL_ACCENT_COLOR_NAME = AccentColor;
				CLANG_ENABLE_OBJC_WEAK = NO;
				CODE_SIGN_STYLE = Automatic;
				CURRENT_PROJECT_VERSION = 1;
				GENERATE_INFOPLIST_FILE = YES;
				INFOPLIST_FILE = "";
				INFOPLIST_KEY_UILaunchScreen_Generation = YES;
				IPHONEOS_DEPLOYMENT_TARGET = 16.0;
				LD_RUNPATH_SEARCH_PATHS = (
					"$(inherited)",
					"@executable_path/Frameworks",
				);
				MARKETING_VERSION = 1.6.0;
				PRODUCT_BUNDLE_IDENTIFIER = "com.liam.HUD-ExampleSwiftUI";
				PRODUCT_MODULE_NAME = ExampleSwiftUI;
				PRODUCT_NAME = "Example SwiftUI";
				SDKROOT = iphoneos;
				SUPPORTED_PLATFORMS = "iphoneos iphonesimulator xros xrsimulator";
				SUPPORTS_XR_DESIGNED_FOR_IPHONE_IPAD = NO;
				SWIFT_VERSION = 6.0;
				TARGETED_DEVICE_FAMILY = "1,2,7";
				VALIDATE_PRODUCT = YES;
				XROS_DEPLOYMENT_TARGET = 1.0;
			};
			name = Release;
		};
		F8F17051582E638F6FE65BF0 /* Debug */ = {
			isa = XCBuildConfiguration;
			buildSettings = {
				ASSETCATALOG_COMPILER_APPICON_NAME = AppIcon;
				ASSETCATALOG_COMPILER_GLOBAL_ACCENT_COLOR_NAME = AccentColor;
				CLANG_ENABLE_OBJC_WEAK = NO;
				CODE_SIGN_STYLE = Automatic;
				CURRENT_PROJECT_VERSION = 1;
				GENERATE_INFOPLIST_FILE = YES;
				INFOPLIST_FILE = "";
				INFOPLIST_KEY_UILaunchScreen_Generation = YES;
				IPHONEOS_DEPLOYMENT_TARGET = 16.0;
				LD_RUNPATH_SEARCH_PATHS = (
					"$(inherited)",
					"@executable_path/Frameworks",
				);
				MARKETING_VERSION = 1.6.0;
				PRODUCT_BUNDLE_IDENTIFIER = "com.liam.HUD-ExampleSwiftUI";
				PRODUCT_MODULE_NAME = ExampleSwiftUI;
				PRODUCT_NAME = "Example SwiftUI";
				SDKROOT = iphoneos;
				SUPPORTED_PLATFORMS = "iphoneos iphonesimulator xros xrsimulator";
				SUPPORTS_XR_DESIGNED_FOR_IPHONE_IPAD = NO;
				SWIFT_VERSION = 6.0;
				TARGETED_DEVICE_FAMILY = "1,2,7";
				XROS_DEPLOYMENT_TARGET = 1.0;
			};
			name = Debug;
		};
/* End XCBuildConfiguration section */

/* Begin XCConfigurationList section */
		0C7754992B550B210000AA43 /* Build configuration list for PBXNativeTarget "Example tvOS" */ = {
			isa = XCConfigurationList;
			buildConfigurations = (
				0C7754932B550B210000AA43 /* Debug */,
				0C7754942B550B210000AA43 /* Release */,
			);
			defaultConfigurationIsVisible = 0;
			defaultConfigurationName = Release;
		};
		5B44336AF9DAF0C493EE86CF /* Build configuration list for PBXNativeTarget "Example SwiftUI" */ = {
			isa = XCConfigurationList;
			buildConfigurations = (
				6D3A0928B3141678DE6104A0 /* Release */,
				F8F17051582E638F6FE65BF0 /* Debug */,
			);
			defaultConfigurationIsVisible = 0;
			defaultConfigurationName = Release;
		};
		607FACCB1AFB9204008FA782 /* Build configuration list for PBXProject "FlyHUD" */ = {
			isa = XCConfigurationList;
			buildConfigurations = (
				607FACED1AFB9204008FA782 /* Debug */,
				607FACEE1AFB9204008FA782 /* Release */,
			);
			defaultConfigurationIsVisible = 0;
			defaultConfigurationName = Release;
		};
		607FACEF1AFB9204008FA782 /* Build configuration list for PBXNativeTarget "Example iOS" */ = {
			isa = XCConfigurationList;
			buildConfigurations = (
				607FACF01AFB9204008FA782 /* Debug */,
				607FACF11AFB9204008FA782 /* Release */,
			);
			defaultConfigurationIsVisible = 0;
			defaultConfigurationName = Release;
		};
		607FACF21AFB9204008FA782 /* Build configuration list for PBXNativeTarget "Example Tests" */ = {
			isa = XCConfigurationList;
			buildConfigurations = (
				607FACF31AFB9204008FA782 /* Debug */,
				607FACF41AFB9204008FA782 /* Release */,
			);
			defaultConfigurationIsVisible = 0;
			defaultConfigurationName = Release;
		};
/* End XCConfigurationList section */

/* Begin XCLocalSwiftPackageReference section */
		0CC9C8442FBE4977003AF3C3 /* XCLocalSwiftPackageReference "../FlyHUD" */ = {
			isa = XCLocalSwiftPackageReference;
			relativePath = ../FlyHUD;
		};
/* End XCLocalSwiftPackageReference section */

/* Begin XCSwiftPackageProductDependency section */
		0C1245702FBE4F8300DE9E08 /* FlyHUD */ = {
			isa = XCSwiftPackageProductDependency;
			package = 0CC9C8442FBE4977003AF3C3 /* XCLocalSwiftPackageReference "../FlyHUD" */;
			productName = FlyHUD;
		};
		0C1245722FBE4F8300DE9E08 /* FlyIndicatorHUD */ = {
			isa = XCSwiftPackageProductDependency;
			package = 0CC9C8442FBE4977003AF3C3 /* XCLocalSwiftPackageReference "../FlyHUD" */;
			productName = FlyIndicatorHUD;
		};
		0C1245742FBE4F8300DE9E08 /* FlyProgressHUD */ = {
			isa = XCSwiftPackageProductDependency;
			package = 0CC9C8442FBE4977003AF3C3 /* XCLocalSwiftPackageReference "../FlyHUD" */;
			productName = FlyProgressHUD;
		};
		0C1245762FBE4F9300DE9E08 /* FlyHUD */ = {
			isa = XCSwiftPackageProductDependency;
			package = 0CC9C8442FBE4977003AF3C3 /* XCLocalSwiftPackageReference "../FlyHUD" */;
			productName = FlyHUD;
		};
		0C1245782FBE4F9300DE9E08 /* FlyIndicatorHUD */ = {
			isa = XCSwiftPackageProductDependency;
			package = 0CC9C8442FBE4977003AF3C3 /* XCLocalSwiftPackageReference "../FlyHUD" */;
			productName = FlyIndicatorHUD;
		};
		0C12457A2FBE4F9300DE9E08 /* FlyProgressHUD */ = {
			isa = XCSwiftPackageProductDependency;
			package = 0CC9C8442FBE4977003AF3C3 /* XCLocalSwiftPackageReference "../FlyHUD" */;
			productName = FlyProgressHUD;
		};
		0C12457C2FBE4F9E00DE9E08 /* FlyHUD */ = {
			isa = XCSwiftPackageProductDependency;
			package = 0CC9C8442FBE4977003AF3C3 /* XCLocalSwiftPackageReference "../FlyHUD" */;
			productName = FlyHUD;
		};
		0C12457E2FBE4F9E00DE9E08 /* FlyIndicatorHUD */ = {
			isa = XCSwiftPackageProductDependency;
			package = 0CC9C8442FBE4977003AF3C3 /* XCLocalSwiftPackageReference "../FlyHUD" */;
			productName = FlyIndicatorHUD;
		};
		0C1245802FBE4F9E00DE9E08 /* FlyProgressHUD */ = {
			isa = XCSwiftPackageProductDependency;
			package = 0CC9C8442FBE4977003AF3C3 /* XCLocalSwiftPackageReference "../FlyHUD" */;
			productName = FlyProgressHUD;
		};
		0CC9C8452FBE4977003AF3C3 /* FlyHUD */ = {
			isa = XCSwiftPackageProductDependency;
			productName = FlyHUD;
		};
		0CC9C8472FBE4977003AF3C3 /* FlyIndicatorHUD */ = {
			isa = XCSwiftPackageProductDependency;
			productName = FlyIndicatorHUD;
		};
		0CC9C8492FBE4977003AF3C3 /* FlyProgressHUD */ = {
			isa = XCSwiftPackageProductDependency;
			productName = FlyProgressHUD;
		};
/* End XCSwiftPackageProductDependency section */
	};
	rootObject = 607FACC81AFB9204008FA782 /* Project object */;
}
