// !$*UTF8*$!
{
	archiveVersion = 1;
	classes = {
	};
	objectVersion = 70;
	objects = {

/* Begin PBXBuildFile section */
		0C1245712FBE4F8300DE9E08 /* FlyHUD in Frameworks */ = {isa = PBXBuildFile; productRef = 0C1245702FBE4F8300DE9E08 /* FlyHUD */; };
		0C1245732FBE4F8300DE9E08 /* FlyIndicatorHUD in Frameworks */ = {isa = PBXBuildFile; productRef = 0C1245722FBE4F8300DE9E08 /* FlyIndicatorHUD */; };
		0C1245752FBE4F8300DE9E08 /* FlyProgressHUD in Frameworks */ = {isa = PBXBuildFile; productRef = 0C1245742FBE4F8300DE9E08 /* FlyProgressHUD */; };
		0C12457D2FBE4F9E00DE9E08 /* FlyHUD in Frameworks */ = {isa = PBXBuildFile; productRef = 0C12457C2FBE4F9E00DE9E08 /* FlyHUD */; };
		0C12457F2FBE4F9E00DE9E08 /* FlyIndicatorHUD in Frameworks */ = {isa = PBXBuildFile; productRef = 0C12457E2FBE4F9E00DE9E08 /* FlyIndicatorHUD */; };
		0C1245812FBE4F9E00DE9E08 /* FlyProgressHUD in Frameworks */ = {isa = PBXBuildFile; productRef = 0C1245802FBE4F9E00DE9E08 /* FlyProgressHUD */; };
		0C5D7DED2FC49FC30062C5DF /* FlyHUD in Frameworks */ = {isa = PBXBuildFile; productRef = 0C5D7DEC2FC49FC30062C5DF /* FlyHUD */; };
		0C5D7DEF2FC49FC30062C5DF /* FlyHUDSwiftUI in Frameworks */ = {isa = PBXBuildFile; productRef = 0C5D7DEE2FC49FC30062C5DF /* FlyHUDSwiftUI */; };
		0C5D7DF12FC49FC30062C5DF /* FlyIndicatorHUD in Frameworks */ = {isa = PBXBuildFile; productRef = 0C5D7DF02FC49FC30062C5DF /* FlyIndicatorHUD */; };
		0C5D7DF32FC49FC30062C5DF /* FlyProgressHUD in Frameworks */ = {isa = PBXBuildFile; productRef = 0C5D7DF22FC49FC30062C5DF /* FlyProgressHUD */; };
		0C7E81AD2FC85B6B00F5488E /* FlyHUD.framework in Frameworks */ = {isa = PBXBuildFile; fileRef = 0C62B1392FC69A5F00D95B99 /* FlyHUD.framework */; };
		0C7E81B22FC85B7A00F5488E /* FlyHUD.framework in Frameworks */ = {isa = PBXBuildFile; fileRef = 0C62B1392FC69A5F00D95B99 /* FlyHUD.framework */; };
		0C7E81B72FC85B8600F5488E /* FlyHUD.framework in Frameworks */ = {isa = PBXBuildFile; fileRef = 0C62B1392FC69A5F00D95B99 /* FlyHUD.framework */; };
		0CB33DEA2FC44B6000006E15 /* FlyHUDSwiftUI in Frameworks */ = {isa = PBXBuildFile; productRef = 0CC9C84E2FBE49E0003AF3C3 /* FlyHUDSwiftUI */; };
		0CC9C8462FBE4977003AF3C3 /* FlyHUD in Frameworks */ = {isa = PBXBuildFile; productRef = 0CC9C8452FBE4977003AF3C3 /* FlyHUD */; };
		0CC9C8482FBE4977003AF3C3 /* FlyIndicatorHUD in Frameworks */ = {isa = PBXBuildFile; productRef = 0CC9C8472FBE4977003AF3C3 /* FlyIndicatorHUD */; };
		0CC9C84A2FBE4977003AF3C3 /* FlyProgressHUD in Frameworks */ = {isa = PBXBuildFile; productRef = 0CC9C8492FBE4977003AF3C3 /* FlyProgressHUD */; };
/* End PBXBuildFile section */

/* Begin PBXContainerItemProxy section */
		0C7E81AF2FC85B6B00F5488E /* PBXContainerItemProxy */ = {
			isa = PBXContainerItemProxy;
			containerPortal = 607FACC81AFB9204008FA782 /* Project object */;
			proxyType = 1;
			remoteGlobalIDString = B6426FA933DCEE7142EA7D37;
			remoteInfo = FlyHUD;
		};
		0C7E81B42FC85B7A00F5488E /* PBXContainerItemProxy */ = {
			isa = PBXContainerItemProxy;
			containerPortal = 607FACC81AFB9204008FA782 /* Project object */;
			proxyType = 1;
			remoteGlobalIDString = B6426FA933DCEE7142EA7D37;
			remoteInfo = FlyHUD;
		};
		0C7E81B92FC85B8600F5488E /* PBXContainerItemProxy */ = {
			isa = PBXContainerItemProxy;
			containerPortal = 607FACC81AFB9204008FA782 /* Project object */;
			proxyType = 1;
			remoteGlobalIDString = B6426FA933DCEE7142EA7D37;
			remoteInfo = FlyHUD;
		};
		607FACE61AFB9204008FA782 /* PBXContainerItemProxy */ = {
			isa = PBXContainerItemProxy;
			containerPortal = 607FACC81AFB9204008FA782 /* Project object */;
			proxyType = 1;
			remoteGlobalIDString = 607FACCF1AFB9204008FA782;
			remoteInfo = HUD;
		};
		FE5A1906E34EFE1898811A98 /* PBXContainerItemProxy */ = {
			isa = PBXContainerItemProxy;
			containerPortal = 607FACC81AFB9204008FA782 /* Project object */;
			proxyType = 1;
			remoteGlobalIDString = CF9DD56AB56B2E351BF1C680;
			remoteInfo = "Example SwiftUI";
		};
/* End PBXContainerItemProxy section */

/* Begin PBXFileReference section */
		0C24FA332FBF8F6600C33036 /* copilot-instructions.md */ = {isa = PBXFileReference; lastKnownFileType = net.daringfireball.markdown; name = "copilot-instructions.md"; path = ".github/copilot-instructions.md"; sourceTree = "<group>"; };
		0C24FA342FBF8F7F00C33036 /* .gitignore */ = {isa = PBXFileReference; lastKnownFileType = text; path = .gitignore; sourceTree = "<group>"; };
		0C62B1392FC69A5F00D95B99 /* FlyHUD.framework */ = {isa = PBXFileReference; explicitFileType = wrapper.framework; includeInIndex = 0; path = FlyHUD.framework; sourceTree = BUILT_PRODUCTS_DIR; };
		0C62B13B2FC69A5F00D95B99 /* Example iOS.app */ = {isa = PBXFileReference; explicitFileType = wrapper.application; includeInIndex = 0; path = "Example iOS.app"; sourceTree = BUILT_PRODUCTS_DIR; };
		0C62B13C2FC69A5F00D95B99 /* Example SwiftUI.app */ = {isa = PBXFileReference; explicitFileType = wrapper.application; includeInIndex = 0; path = "Example SwiftUI.app"; sourceTree = BUILT_PRODUCTS_DIR; };
		0C62B13D2FC69A5F00D95B99 /* Example tvOS.app */ = {isa = PBXFileReference; explicitFileType = wrapper.application; includeInIndex = 0; path = "Example tvOS.app"; sourceTree = BUILT_PRODUCTS_DIR; };
		0C62B13E2FC69A5F00D95B99 /* Example Tests.xctest */ = {isa = PBXFileReference; explicitFileType = wrapper.cfbundle; includeInIndex = 0; path = "Example Tests.xctest"; sourceTree = BUILT_PRODUCTS_DIR; };
		0C62B13F2FC69A5F00D95B99 /* UITests.xctest */ = {isa = PBXFileReference; explicitFileType = wrapper.cfbundle; includeInIndex = 0; path = UITests.xctest; sourceTree = BUILT_PRODUCTS_DIR; };
		0C62B1402FC69A5F00D95B99 /* FlyHUDSwiftUI.framework */ = {isa = PBXFileReference; explicitFileType = wrapper.framework; includeInIndex = 0; path = FlyHUDSwiftUI.framework; sourceTree = BUILT_PRODUCTS_DIR; };
		0C62B1412FC69A5F00D95B99 /* FlyIndicatorHUD.framework */ = {isa = PBXFileReference; explicitFileType = wrapper.framework; includeInIndex = 0; path = FlyIndicatorHUD.framework; sourceTree = BUILT_PRODUCTS_DIR; };
		0C62B1422FC69A5F00D95B99 /* FlyProgressHUD.framework */ = {isa = PBXFileReference; explicitFileType = wrapper.framework; includeInIndex = 0; path = FlyProgressHUD.framework; sourceTree = BUILT_PRODUCTS_DIR; };
		0C7E82CA2FC85FE800F5488E /* copilot-commit-instructions.md */ = {isa = PBXFileReference; lastKnownFileType = net.daringfireball.markdown; name = "copilot-commit-instructions.md"; path = ".github/copilot-commit-instructions.md"; sourceTree = "<group>"; };
/* End PBXFileReference section */

/* Begin PBXFileSystemSynchronizedBuildFileExceptionSet section */
		0C7E818E2FC85B0900F5488E /* PBXFileSystemSynchronizedBuildFileExceptionSet */ = {
			isa = PBXFileSystemSynchronizedBuildFileExceptionSet;
			membershipExceptions = (
				HUD/Extensions/Extensions.swift,
				HUD/Extensions/HUDExtended.swift,
				HUD/HUD.swift,
				HUD/Model.swift,
				HUD/Observables/DisplayLink.swift,
				HUD/Observables/KeyboardObserver.swift,
				HUD/Observables/UnfairLock.swift,
				HUD/PrivacyInfo.xcprivacy,
				HUD/Protocols/ActivityIndicatorViewable.swift,
				HUD/Protocols/ProgressViewable.swift,
				HUD/Protocols/RotateViewable.swift,
				HUD/Views/BackgroundView.swift,
				HUD/Views/BaseView.swift,
				HUD/Views/Button.swift,
				HUD/Views/ContentView.swift,
				HUD/Views/Label.swift,
			);
			target = B6426FA933DCEE7142EA7D37 /* FlyHUD */;
		};
		0C7E81A12FC85B4200F5488E /* PBXFileSystemSynchronizedBuildFileExceptionSet */ = {
			isa = PBXFileSystemSynchronizedBuildFileExceptionSet;
			membershipExceptions = (
				IndicatorHUD/ActivityIndicatorAnimation.swift,
				IndicatorHUD/ActivityIndicatorView.swift,
				"IndicatorHUD/HUD+ActivityIndicatorView.swift",
				IndicatorHUD/ShapeBuilder.swift,
			);
			target = 383ECFEA1683526B9B23E6E8 /* FlyIndicatorHUD */;
		};
		0C7E81A52FC85B4A00F5488E /* PBXFileSystemSynchronizedBuildFileExceptionSet */ = {
			isa = PBXFileSystemSynchronizedBuildFileExceptionSet;
			membershipExceptions = (
				"ProgressHUD/HUD+ProgressView.swift",
				ProgressHUD/ProgressAnimation.swift,
				ProgressHUD/ProgressView.swift,
			);
			target = 38E20C483550A373E6783FFA /* FlyProgressHUD */;
		};
		0C7E81AB2FC85B5300F5488E /* PBXFileSystemSynchronizedBuildFileExceptionSet */ = {
			isa = PBXFileSystemSynchronizedBuildFileExceptionSet;
			membershipExceptions = (
				SwiftUIHUD/HUDConvenienceModifiers.swift,
				SwiftUIHUD/HUDHostView.swift,
				SwiftUIHUD/HUDModifier.swift,
				SwiftUIHUD/HUDStatusModifier.swift,
				"SwiftUIHUD/View+HUD.swift",
			);
			target = E882522ED326F4E7A99FE34E /* FlyHUDSwiftUI */;
		};
		0C7E82412FC85CCC00F5488E /* PBXFileSystemSynchronizedBuildFileExceptionSet */ = {
			isa = PBXFileSystemSynchronizedBuildFileExceptionSet;
			membershipExceptions = (
				AGENTS.md,
				Resources/Info.plist,
			);
			target = 607FACCF1AFB9204008FA782 /* Example iOS */;
		};
		0C7E82432FC85CF400F5488E /* PBXFileSystemSynchronizedBuildFileExceptionSet */ = {
			isa = PBXFileSystemSynchronizedBuildFileExceptionSet;
			membershipExceptions = (
				Resources/AppIcon.icon,
				Resources/Assets.xcassets,
			);
			target = CF9DD56AB56B2E351BF1C680 /* Example SwiftUI */;
		};
		0C7E82672FC85DB100F5488E /* PBXFileSystemSynchronizedBuildFileExceptionSet */ = {
			isa = PBXFileSystemSynchronizedBuildFileExceptionSet;
			membershipExceptions = (
				AGENTS.md,
			);
			target = CF9DD56AB56B2E351BF1C680 /* Example SwiftUI */;
		};
		0C7E827C2FC85E1E00F5488E /* PBXFileSystemSynchronizedBuildFileExceptionSet */ = {
			isa = PBXFileSystemSynchronizedBuildFileExceptionSet;
			membershipExceptions = (
				AGENTS.md,
				Resources/Info.plist,
			);
			target = 0C77546E2B550B200000AA43 /* Example tvOS */;
		};
		0C7E82C12FC85EB500F5488E /* PBXFileSystemSynchronizedBuildFileExceptionSet */ = {
			isa = PBXFileSystemSynchronizedBuildFileExceptionSet;
			membershipExceptions = (
				AGENTS.md,
				Info.plist,
				README.md,
			);
			target = 607FACE41AFB9204008FA782 /* Example Tests */;
		};
		0C7E82C82FC85EDA00F5488E /* PBXFileSystemSynchronizedBuildFileExceptionSet */ = {
			isa = PBXFileSystemSynchronizedBuildFileExceptionSet;
			membershipExceptions = (
				README.md,
			);
			target = 5161649617338FCA77874E17 /* Example UITests */;
		};
/* End PBXFileSystemSynchronizedBuildFileExceptionSet section */

/* Begin PBXFileSystemSynchronizedRootGroup section */
		0C7E7EFD2FC857A100F5488E /* scripts */ = {isa = PBXFileSystemSynchronizedRootGroup; explicitFileTypes = {}; explicitFolders = (); path = scripts; sourceTree = "<group>"; };
		0C7E81652FC859DE00F5488E /* Sources */ = {isa = PBXFileSystemSynchronizedRootGroup; exceptions = (0C7E818E2FC85B0900F5488E /* PBXFileSystemSynchronizedBuildFileExceptionSet */, 0C7E81AB2FC85B5300F5488E /* PBXFileSystemSynchronizedBuildFileExceptionSet */, 0C7E81A12FC85B4200F5488E /* PBXFileSystemSynchronizedBuildFileExceptionSet */, 0C7E81A52FC85B4A00F5488E /* PBXFileSystemSynchronizedBuildFileExceptionSet */, ); explicitFileTypes = {}; explicitFolders = (); path = Sources; sourceTree = "<group>"; };
		0C7E81BC2FC85C3C00F5488E /* Example iOS */ = {isa = PBXFileSystemSynchronizedRootGroup; exceptions = (0C7E82412FC85CCC00F5488E /* PBXFileSystemSynchronizedBuildFileExceptionSet */, 0C7E82432FC85CF400F5488E /* PBXFileSystemSynchronizedBuildFileExceptionSet */, ); explicitFileTypes = {}; explicitFolders = (); path = "Example iOS"; sourceTree = "<group>"; };
		0C7E82452FC85D8D00F5488E /* Example SwiftUI */ = {isa = PBXFileSystemSynchronizedRootGroup; exceptions = (0C7E82672FC85DB100F5488E /* PBXFileSystemSynchronizedBuildFileExceptionSet */, ); explicitFileTypes = {}; explicitFolders = (); path = "Example SwiftUI"; sourceTree = "<group>"; };
		0C7E82682FC85DF600F5488E /* Example tvOS */ = {isa = PBXFileSystemSynchronizedRootGroup; exceptions = (0C7E827C2FC85E1E00F5488E /* PBXFileSystemSynchronizedBuildFileExceptionSet */, ); explicitFileTypes = {}; explicitFolders = (); path = "Example tvOS"; sourceTree = "<group>"; };
		0C7E827D2FC85E4A00F5488E /* Tests */ = {isa = PBXFileSystemSynchronizedRootGroup; exceptions = (0C7E82C12FC85EB500F5488E /* PBXFileSystemSynchronizedBuildFileExceptionSet */, ); explicitFileTypes = {}; explicitFolders = (); path = Tests; sourceTree = "<group>"; };
		0C7E827E2FC85E5D00F5488E /* UITests */ = {isa = PBXFileSystemSynchronizedRootGroup; exceptions = (0C7E82C82FC85EDA00F5488E /* PBXFileSystemSynchronizedBuildFileExceptionSet */, ); explicitFileTypes = {}; explicitFolders = (); path = UITests; sourceTree = "<group>"; };
/* End PBXFileSystemSynchronizedRootGroup section */

/* Begin PBXFrameworksBuildPhase section */
		03A55FFED4C2E3E75A729264 /* Frameworks */ = {
			isa = PBXFrameworksBuildPhase;
			buildActionMask = 2147483647;
			files = (
				0CB33DEA2FC44B6000006E15 /* FlyHUDSwiftUI in Frameworks */,
				0CC9C84A2FBE4977003AF3C3 /* FlyProgressHUD in Frameworks */,
				0CC9C8482FBE4977003AF3C3 /* FlyIndicatorHUD in Frameworks */,
				0CC9C8462FBE4977003AF3C3 /* FlyHUD in Frameworks */,
			);
			runOnlyForDeploymentPostprocessing = 0;
		};
		0C77546C2B550B200000AA43 /* Frameworks */ = {
			isa = PBXFrameworksBuildPhase;
			buildActionMask = 2147483647;
			files = (
				0C1245812FBE4F9E00DE9E08 /* FlyProgressHUD in Frameworks */,
				0C12457F2FBE4F9E00DE9E08 /* FlyIndicatorHUD in Frameworks */,
				0C12457D2FBE4F9E00DE9E08 /* FlyHUD in Frameworks */,
			);
			runOnlyForDeploymentPostprocessing = 0;
		};
		2C6D1E0F7578856698EB5389 /* Frameworks */ = {
			isa = PBXFrameworksBuildPhase;
			buildActionMask = 2147483647;
			files = (
				0C7E81B22FC85B7A00F5488E /* FlyHUD.framework in Frameworks */,
			);
			runOnlyForDeploymentPostprocessing = 0;
		};
		3A93FC630136EF286D89E58D /* Frameworks */ = {
			isa = PBXFrameworksBuildPhase;
			buildActionMask = 2147483647;
			files = (
				0C7E81B72FC85B8600F5488E /* FlyHUD.framework in Frameworks */,
			);
			runOnlyForDeploymentPostprocessing = 0;
		};
		607FACCD1AFB9204008FA782 /* Frameworks */ = {
			isa = PBXFrameworksBuildPhase;
			buildActionMask = 2147483647;
			files = (
				0C1245752FBE4F8300DE9E08 /* FlyProgressHUD in Frameworks */,
				0C1245732FBE4F8300DE9E08 /* FlyIndicatorHUD in Frameworks */,
				0C1245712FBE4F8300DE9E08 /* FlyHUD in Frameworks */,
			);
			runOnlyForDeploymentPostprocessing = 0;
		};
		607FACE21AFB9204008FA782 /* Frameworks */ = {
			isa = PBXFrameworksBuildPhase;
			buildActionMask = 2147483647;
			files = (
				0C5D7DEF2FC49FC30062C5DF /* FlyHUDSwiftUI in Frameworks */,
				0C5D7DF12FC49FC30062C5DF /* FlyIndicatorHUD in Frameworks */,
				0C5D7DED2FC49FC30062C5DF /* FlyHUD in Frameworks */,
				0C5D7DF32FC49FC30062C5DF /* FlyProgressHUD in Frameworks */,
			);
			runOnlyForDeploymentPostprocessing = 0;
		};
		84000D5058E01C8EAD194A8C /* Frameworks */ = {
			isa = PBXFrameworksBuildPhase;
			buildActionMask = 2147483647;
			files = (
			);
			runOnlyForDeploymentPostprocessing = 0;
		};
		96623F5ABFA618402D94C999 /* Frameworks */ = {
			isa = PBXFrameworksBuildPhase;
			buildActionMask = 2147483647;
			files = (
			);
			runOnlyForDeploymentPostprocessing = 0;
		};
		97D67988DD467F7E2172FBA0 /* Frameworks */ = {
			isa = PBXFrameworksBuildPhase;
			buildActionMask = 2147483647;
			files = (
				0C7E81AD2FC85B6B00F5488E /* FlyHUD.framework in Frameworks */,
			);
			runOnlyForDeploymentPostprocessing = 0;
		};
/* End PBXFrameworksBuildPhase section */

/* Begin PBXGroup section */
		0C62B13A2FC69A5F00D95B99 /* Products */ = {
			isa = PBXGroup;
			children = (
				0C62B1392FC69A5F00D95B99 /* FlyHUD.framework */,
				0C62B13B2FC69A5F00D95B99 /* Example iOS.app */,
				0C62B13C2FC69A5F00D95B99 /* Example SwiftUI.app */,
				0C62B13D2FC69A5F00D95B99 /* Example tvOS.app */,
				0C62B13E2FC69A5F00D95B99 /* Example Tests.xctest */,
				0C62B13F2FC69A5F00D95B99 /* UITests.xctest */,
				0C62B1402FC69A5F00D95B99 /* FlyHUDSwiftUI.framework */,
				0C62B1412FC69A5F00D95B99 /* FlyIndicatorHUD.framework */,
				0C62B1422FC69A5F00D95B99 /* FlyProgressHUD.framework */,
			);
			name = Products;
			sourceTree = "<group>";
		};
		607FACC71AFB9204008FA782 = {
			isa = PBXGroup;
			children = (
				607FACF51AFB993E008FA782 /* Podspec Metadata */,
				0C7E81BC2FC85C3C00F5488E /* Example iOS */,
				0C7E82452FC85D8D00F5488E /* Example SwiftUI */,
				0C7E82682FC85DF600F5488E /* Example tvOS */,
				0C7E81652FC859DE00F5488E /* Sources */,
				0C7E827D2FC85E4A00F5488E /* Tests */,
				0C7E827E2FC85E5D00F5488E /* UITests */,
				0C7E7EFD2FC857A100F5488E /* scripts */,
				0C62B13A2FC69A5F00D95B99 /* Products */,
			);
			sourceTree = "<group>";
		};
		607FACF51AFB993E008FA782 /* Podspec Metadata */ = {
			isa = PBXGroup;
			children = (
				0C24FA342FBF8F7F00C33036 /* .gitignore */,
				0C24FA332FBF8F6600C33036 /* copilot-instructions.md */,
				0C7E82CA2FC85FE800F5488E /* copilot-commit-instructions.md */,
			);
			name = "Podspec Metadata";
			sourceTree = "<group>";
		};
/* End PBXGroup section */

/* Begin PBXHeadersBuildPhase section */
		08395EDC845318760FFF4BF1 /* Headers */ = {
			isa = PBXHeadersBuildPhase;
			buildActionMask = 2147483647;
			files = (
			);
			runOnlyForDeploymentPostprocessing = 0;
		};
		B271AC97F9795BE6933D2A70 /* Headers */ = {
			isa = PBXHeadersBuildPhase;
			buildActionMask = 2147483647;
			files = (
			);
			runOnlyForDeploymentPostprocessing = 0;
		};
		BEBACBBE1BC8DAD5690AF3A3 /* Headers */ = {
			isa = PBXHeadersBuildPhase;
			buildActionMask = 2147483647;
			files = (
			);
			runOnlyForDeploymentPostprocessing = 0;
		};
		C4CB5218321898C30CF4EB52 /* Headers */ = {
			isa = PBXHeadersBuildPhase;
			buildActionMask = 2147483647;
			files = (
			);
			runOnlyForDeploymentPostprocessing = 0;
		};
/* End PBXHeadersBuildPhase section */

/* Begin PBXNativeTarget section */
		0C77546E2B550B200000AA43 /* Example tvOS */ = {
			isa = PBXNativeTarget;
			buildConfigurationList = 0C7754992B550B210000AA43 /* Build configuration list for PBXNativeTarget "Example tvOS" */;
			buildPhases = (
				0C77546B2B550B200000AA43 /* Sources */,
				0C77546C2B550B200000AA43 /* Frameworks */,
				0C77546D2B550B200000AA43 /* Resources */,
			);
			buildRules = (
			);
			dependencies = (
			);
			fileSystemSynchronizedGroups = (
				0C7E82682FC85DF600F5488E /* Example tvOS */,
			);
			name = "Example tvOS";
			productName = HUD_ExampleTV;
			productReference = 0C62B13D2FC69A5F00D95B99 /* Example tvOS.app */;
			productType = "com.apple.product-type.application";
		};
		383ECFEA1683526B9B23E6E8 /* FlyIndicatorHUD */ = {
			isa = PBXNativeTarget;
			buildConfigurationList = 2F636D61B02BF921A455170B /* Build configuration list for PBXNativeTarget "FlyIndicatorHUD" */;
			buildPhases = (
				BEBACBBE1BC8DAD5690AF3A3 /* Headers */,
				5210E9585880859BFC8D64E0 /* Sources */,
				2C6D1E0F7578856698EB5389 /* Frameworks */,
				FC8BC3E9A1A66071096B1FE9 /* Resources */,
			);
			buildRules = (
			);
			dependencies = (
				0C7E81B52FC85B7A00F5488E /* PBXTargetDependency */,
			);
			name = FlyIndicatorHUD;
			productName = FlyIndicatorHUD;
			productReference = 0C62B1412FC69A5F00D95B99 /* FlyIndicatorHUD.framework */;
			productType = "com.apple.product-type.framework";
		};
		38E20C483550A373E6783FFA /* FlyProgressHUD */ = {
			isa = PBXNativeTarget;
			buildConfigurationList = 64006C1107585A96002B49F8 /* Build configuration list for PBXNativeTarget "FlyProgressHUD" */;
			buildPhases = (
				08395EDC845318760FFF4BF1 /* Headers */,
				A026FE983B519B51C646581D /* Sources */,
				3A93FC630136EF286D89E58D /* Frameworks */,
				5964B526D9C340AF39D32EE6 /* Resources */,
			);
			buildRules = (
			);
			dependencies = (
				0C7E81BA2FC85B8600F5488E /* PBXTargetDependency */,
			);
			name = FlyProgressHUD;
			productName = FlyProgressHUD;
			productReference = 0C62B1422FC69A5F00D95B99 /* FlyProgressHUD.framework */;
			productType = "com.apple.product-type.framework";
		};
		5161649617338FCA77874E17 /* Example UITests */ = {
			isa = PBXNativeTarget;
			buildConfigurationList = 7632A29C5B47934479989B2E /* Build configuration list for PBXNativeTarget "Example UITests" */;
			buildPhases = (
				26A34B4DAFACD4CF94994FB0 /* Sources */,
				84000D5058E01C8EAD194A8C /* Frameworks */,
				9D75384EBCB10186B6C478E2 /* Resources */,
			);
			buildRules = (
			);
			dependencies = (
				A954EDBF14E39EF860FB5B11 /* PBXTargetDependency */,
			);
			fileSystemSynchronizedGroups = (
				0C7E827E2FC85E5D00F5488E /* UITests */,
			);
			name = "Example UITests";
			productName = UITests;
			productReference = 0C62B13F2FC69A5F00D95B99 /* UITests.xctest */;
			productType = "com.apple.product-type.bundle.ui-testing";
		};
		607FACCF1AFB9204008FA782 /* Example iOS */ = {
			isa = PBXNativeTarget;
			buildConfigurationList = 607FACEF1AFB9204008FA782 /* Build configuration list for PBXNativeTarget "Example iOS" */;
			buildPhases = (
				607FACCC1AFB9204008FA782 /* Sources */,
				607FACCD1AFB9204008FA782 /* Frameworks */,
				607FACCE1AFB9204008FA782 /* Resources */,
			);
			buildRules = (
			);
			dependencies = (
			);
			fileSystemSynchronizedGroups = (
				0C7E81BC2FC85C3C00F5488E /* Example iOS */,
			);
			name = "Example iOS";
			productName = HUD;
			productReference = 0C62B13B2FC69A5F00D95B99 /* Example iOS.app */;
			productType = "com.apple.product-type.application";
		};
		607FACE41AFB9204008FA782 /* Example Tests */ = {
			isa = PBXNativeTarget;
			buildConfigurationList = 607FACF21AFB9204008FA782 /* Build configuration list for PBXNativeTarget "Example Tests" */;
			buildPhases = (
				607FACE11AFB9204008FA782 /* Sources */,
				607FACE21AFB9204008FA782 /* Frameworks */,
				607FACE31AFB9204008FA782 /* Resources */,
			);
			buildRules = (
			);
			dependencies = (
				607FACE71AFB9204008FA782 /* PBXTargetDependency */,
			);
			fileSystemSynchronizedGroups = (
				0C7E827D2FC85E4A00F5488E /* Tests */,
			);
			name = "Example Tests";
			packageProductDependencies = (
				0C5D7DEC2FC49FC30062C5DF /* FlyHUD */,
				0C5D7DEE2FC49FC30062C5DF /* FlyHUDSwiftUI */,
				0C5D7DF02FC49FC30062C5DF /* FlyIndicatorHUD */,
				0C5D7DF22FC49FC30062C5DF /* FlyProgressHUD */,
			);
			productName = Tests;
			productReference = 0C62B13E2FC69A5F00D95B99 /* Example Tests.xctest */;
			productType = "com.apple.product-type.bundle.unit-test";
		};
		B6426FA933DCEE7142EA7D37 /* FlyHUD */ = {
			isa = PBXNativeTarget;
			buildConfigurationList = 4F88C84E9EF08D74DDDBBFFC /* Build configuration list for PBXNativeTarget "FlyHUD" */;
			buildPhases = (
				C4CB5218321898C30CF4EB52 /* Headers */,
				9FDBCE4D52DD4FEC17CE5D3C /* Sources */,
				96623F5ABFA618402D94C999 /* Frameworks */,
				6C58704C54FCFE895EFEC937 /* Resources */,
			);
			buildRules = (
			);
			dependencies = (
			);
			name = FlyHUD;
			productName = FlyHUD;
			productReference = 0C62B1392FC69A5F00D95B99 /* FlyHUD.framework */;
			productType = "com.apple.product-type.framework";
		};
		CF9DD56AB56B2E351BF1C680 /* Example SwiftUI */ = {
			isa = PBXNativeTarget;
			buildConfigurationList = 5B44336AF9DAF0C493EE86CF /* Build configuration list for PBXNativeTarget "Example SwiftUI" */;
			buildPhases = (
				9D8EDAFD4A475F96E448F1B3 /* Sources */,
				03A55FFED4C2E3E75A729264 /* Frameworks */,
				D052516BE5DC7D02D884C619 /* Resources */,
			);
			buildRules = (
			);
			dependencies = (
			);
			fileSystemSynchronizedGroups = (
				0C7E82452FC85D8D00F5488E /* Example SwiftUI */,
			);
			name = "Example SwiftUI";
			packageProductDependencies = (
				0CC9C8452FBE4977003AF3C3 /* FlyHUD */,
				0CC9C8472FBE4977003AF3C3 /* FlyIndicatorHUD */,
				0CC9C8492FBE4977003AF3C3 /* FlyProgressHUD */,
				0CC9C84E2FBE49E0003AF3C3 /* FlyHUDSwiftUI */,
			);
			productName = "Example SwiftUI";
			productReference = 0C62B13C2FC69A5F00D95B99 /* Example SwiftUI.app */;
			productType = "com.apple.product-type.application";
		};
		E882522ED326F4E7A99FE34E /* FlyHUDSwiftUI */ = {
			isa = PBXNativeTarget;
			buildConfigurationList = D2B0F0B3F03F3503CFE8CE94 /* Build configuration list for PBXNativeTarget "FlyHUDSwiftUI" */;
			buildPhases = (
				B271AC97F9795BE6933D2A70 /* Headers */,
				9C5F44A5451ACDE10BDD6A93 /* Sources */,
				97D67988DD467F7E2172FBA0 /* Frameworks */,
				A11A85E0C483B4F21CFA1F6C /* Resources */,
			);
			buildRules = (
			);
			dependencies = (
				0C7E81B02FC85B6B00F5488E /* PBXTargetDependency */,
			);
			name = FlyHUDSwiftUI;
			productName = FlyHUDSwiftUI;
			productReference = 0C62B1402FC69A5F00D95B99 /* FlyHUDSwiftUI.framework */;
			productType = "com.apple.product-type.framework";
		};
/* End PBXNativeTarget section */

/* Begin PBXProject section */
		607FACC81AFB9204008FA782 /* Project object */ = {
			isa = PBXProject;
			attributes = {
				BuildIndependentTargetsInParallel = YES;
				LastSwiftUpdateCheck = 1510;
				LastUpgradeCheck = 2650;
				ORGANIZATIONNAME = Liam;
				TargetAttributes = {
					0C77546E2B550B200000AA43 = {
						CreatedOnToolsVersion = 15.1;
						LastSwiftMigration = 2650;
						ProvisioningStyle = Automatic;
					};
					607FACCF1AFB9204008FA782 = {
						CreatedOnToolsVersion = 6.3.1;
						LastSwiftMigration = 1520;
					};
					607FACE41AFB9204008FA782 = {
						CreatedOnToolsVersion = 6.3.1;
						LastSwiftMigration = 1250;
						TestTargetID = 607FACCF1AFB9204008FA782;
					};
				};
			};
			buildConfigurationList = 607FACCB1AFB9204008FA782 /* Build configuration list for PBXProject "FlyHUD" */;
			compatibilityVersion = "Xcode 3.2";
			developmentRegion = en;
			hasScannedForEncodings = 0;
			knownRegions = (
				en,
				Base,
				ar,
			);
			mainGroup = 607FACC71AFB9204008FA782;
			packageReferences = (
				0CC9C8442FBE4977003AF3C3 /* XCLocalSwiftPackageReference "../FlyHUD" */,
			);
			productRefGroup = 0C62B13A2FC69A5F00D95B99 /* Products */;
			projectDirPath = "";
			projectRoot = "";
			targets = (
				607FACCF1AFB9204008FA782 /* Example iOS */,
				CF9DD56AB56B2E351BF1C680 /* Example SwiftUI */,
				0C77546E2B550B200000AA43 /* Example tvOS */,
				607FACE41AFB9204008FA782 /* Example Tests */,
				5161649617338FCA77874E17 /* Example UITests */,
				B6426FA933DCEE7142EA7D37 /* FlyHUD */,
				E882522ED326F4E7A99FE34E /* FlyHUDSwiftUI */,
				383ECFEA1683526B9B23E6E8 /* FlyIndicatorHUD */,
				38E20C483550A373E6783FFA /* FlyProgressHUD */,
			);
		};
/* End PBXProject section */

/* Begin PBXResourcesBuildPhase section */
		0C77546D2B550B200000AA43 /* Resources */ = {
			isa = PBXResourcesBuildPhase;
			buildActionMask = 2147483647;
			files = (
			);
			runOnlyForDeploymentPostprocessing = 0;
		};
		5964B526D9C340AF39D32EE6 /* Resources */ = {
			isa = PBXResourcesBuildPhase;
			buildActionMask = 2147483647;
			files = (
			);
			runOnlyForDeploymentPostprocessing = 0;
		};
		607FACCE1AFB9204008FA782 /* Resources */ = {
			isa = PBXResourcesBuildPhase;
			buildActionMask = 2147483647;
			files = (
			);
			runOnlyForDeploymentPostprocessing = 0;
		};
		607FACE31AFB9204008FA782 /* Resources */ = {
			isa = PBXResourcesBuildPhase;
			buildActionMask = 2147483647;
			files = (
			);
			runOnlyForDeploymentPostprocessing = 0;
		};
		6C58704C54FCFE895EFEC937 /* Resources */ = {
			isa = PBXResourcesBuildPhase;
			buildActionMask = 2147483647;
			files = (
			);
			runOnlyForDeploymentPostprocessing = 0;
		};
		9D75384EBCB10186B6C478E2 /* Resources */ = {
			isa = PBXResourcesBuildPhase;
			buildActionMask = 2147483647;
			files = (
			);
			runOnlyForDeploymentPostprocessing = 0;
		};
		A11A85E0C483B4F21CFA1F6C /* Resources */ = {
			isa = PBXResourcesBuildPhase;
			buildActionMask = 2147483647;
			files = (
			);
			runOnlyForDeploymentPostprocessing = 0;
		};
		D052516BE5DC7D02D884C619 /* Resources */ = {
			isa = PBXResourcesBuildPhase;
			buildActionMask = 2147483647;
			files = (
			);
			runOnlyForDeploymentPostprocessing = 0;
		};
		FC8BC3E9A1A66071096B1FE9 /* Resources */ = {
			isa = PBXResourcesBuildPhase;
			buildActionMask = 2147483647;
			files = (
			);
			runOnlyForDeploymentPostprocessing = 0;
		};
/* End PBXResourcesBuildPhase section */

/* Begin PBXSourcesBuildPhase section */
		0C77546B2B550B200000AA43 /* Sources */ = {
			isa = PBXSourcesBuildPhase;
			buildActionMask = 2147483647;
			files = (
			);
			runOnlyForDeploymentPostprocessing = 0;
		};
		26A34B4DAFACD4CF94994FB0 /* Sources */ = {
			isa = PBXSourcesBuildPhase;
			buildActionMask = 2147483647;
			files = (
			);
			runOnlyForDeploymentPostprocessing = 0;
		};
		5210E9585880859BFC8D64E0 /* Sources */ = {
			isa = PBXSourcesBuildPhase;
			buildActionMask = 2147483647;
			files = (
			);
			runOnlyForDeploymentPostprocessing = 0;
		};
		607FACCC1AFB9204008FA782 /* Sources */ = {
			isa = PBXSourcesBuildPhase;
			buildActionMask = 2147483647;
			files = (
			);
			runOnlyForDeploymentPostprocessing = 0;
		};
		607FACE11AFB9204008FA782 /* Sources */ = {
			isa = PBXSourcesBuildPhase;
			buildActionMask = 2147483647;
			files = (
			);
			runOnlyForDeploymentPostprocessing = 0;
		};
		9C5F44A5451ACDE10BDD6A93 /* Sources */ = {
			isa = PBXSourcesBuildPhase;
			buildActionMask = 2147483647;
			files = (
			);
			runOnlyForDeploymentPostprocessing = 0;
		};
		9D8EDAFD4A475F96E448F1B3 /* Sources */ = {
			isa = PBXSourcesBuildPhase;
			buildActionMask = 2147483647;
			files = (
			);
			runOnlyForDeploymentPostprocessing = 0;
		};
		9FDBCE4D52DD4FEC17CE5D3C /* Sources */ = {
			isa = PBXSourcesBuildPhase;
			buildActionMask = 2147483647;
			files = (
			);
			runOnlyForDeploymentPostprocessing = 0;
		};
		A026FE983B519B51C646581D /* Sources */ = {
			isa = PBXSourcesBuildPhase;
			buildActionMask = 2147483647;
			files = (
			);
			runOnlyForDeploymentPostprocessing = 0;
		};
/* End PBXSourcesBuildPhase section */

/* Begin PBXTargetDependency section */
		0C7E81B02FC85B6B00F5488E /* PBXTargetDependency */ = {
			isa = PBXTargetDependency;
			target = B6426FA933DCEE7142EA7D37 /* FlyHUD */;
			targetProxy = 0C7E81AF2FC85B6B00F5488E /* PBXContainerItemProxy */;
		};
		0C7E81B52FC85B7A00F5488E /* PBXTargetDependency */ = {
			isa = PBXTargetDependency;
			target = B6426FA933DCEE7142EA7D37 /* FlyHUD */;
			targetProxy = 0C7E81B42FC85B7A00F5488E /* PBXContainerItemProxy */;
		};
		0C7E81BA2FC85B8600F5488E /* PBXTargetDependency */ = {
			isa = PBXTargetDependency;
			target = B6426FA933DCEE7142EA7D37 /* FlyHUD */;
			targetProxy = 0C7E81B92FC85B8600F5488E /* PBXContainerItemProxy */;
		};
		607FACE71AFB9204008FA782 /* PBXTargetDependency */ = {
			isa = PBXTargetDependency;
			target = 607FACCF1AFB9204008FA782 /* Example iOS */;
			targetProxy = 607FACE61AFB9204008FA782 /* PBXContainerItemProxy */;
		};
		A954EDBF14E39EF860FB5B11 /* PBXTargetDependency */ = {
			isa = PBXTargetDependency;
			name = "Example SwiftUI";
			target = CF9DD56AB56B2E351BF1C680 /* Example SwiftUI */;
			targetProxy = FE5A1906E34EFE1898811A98 /* PBXContainerItemProxy */;
		};
/* End PBXTargetDependency section */

/* Begin XCBuildConfiguration section */
		0C7754932B550B210000AA43 /* Debug */ = {
			isa = XCBuildConfiguration;
			buildSettings = {
				ASSETCATALOG_COMPILER_APPICON_NAME = "App Icon & Top Shelf Image";
				ASSETCATALOG_COMPILER_GENERATE_SWIFT_ASSET_SYMBOL_EXTENSIONS = YES;
				ASSETCATALOG_COMPILER_GLOBAL_ACCENT_COLOR_NAME = AccentColor;
				CLANG_ANALYZER_NONNULL = YES;
				CLANG_ANALYZER_NUMBER_OBJECT_CONVERSION = YES_AGGRESSIVE;
				CLANG_CXX_LANGUAGE_STANDARD = "gnu++20";
				CLANG_ENABLE_MODULES = YES;
				CLANG_ENABLE_OBJC_WEAK = YES;
				CLANG_WARN_DOCUMENTATION_COMMENTS = YES;
				CLANG_WARN_UNGUARDED_AVAILABILITY = YES_AGGRESSIVE;
				CODE_SIGN_STYLE = Automatic;
				CURRENT_PROJECT_VERSION = 1;
				DEBUG_INFORMATION_FORMAT = dwarf;
				DOCC_HOSTING_BASE_PATH = "";
				ENABLE_USER_SCRIPT_SANDBOXING = YES;
				GCC_C_LANGUAGE_STANDARD = gnu17;
				GENERATE_INFOPLIST_FILE = YES;
				INFOPLIST_FILE = "Example tvOS/Resources/Info.plist";
				INFOPLIST_KEY_UILaunchStoryboardName = LaunchScreen;
				INFOPLIST_KEY_UIUserInterfaceStyle = Automatic;
				LD_RUNPATH_SEARCH_PATHS = (
					"$(inherited)",
					"@executable_path/Frameworks",
				);
				LOCALIZATION_PREFERS_STRING_CATALOGS = YES;
				MARKETING_VERSION = 1.6.1;
				MTL_ENABLE_DEBUG_INFO = INCLUDE_SOURCE;
				MTL_FAST_MATH = YES;
				PRODUCT_BUNDLE_IDENTIFIER = "com.liam.FlyHUD-ExampletvOS";
				PRODUCT_NAME = "$(TARGET_NAME)";
				SDKROOT = appletvos;
				SWIFT_ACTIVE_COMPILATION_CONDITIONS = "DEBUG $(inherited)";
				SWIFT_EMIT_LOC_STRINGS = YES;
				SWIFT_OPTIMIZATION_LEVEL = "-Onone";
				SWIFT_VERSION = 6.0;
				TARGETED_DEVICE_FAMILY = 3;
				TVOS_DEPLOYMENT_TARGET = 13.0;
			};
			name = Debug;
		};
		0C7754942B550B210000AA43 /* Release */ = {
			isa = XCBuildConfiguration;
			buildSettings = {
				ASSETCATALOG_COMPILER_APPICON_NAME = "App Icon & Top Shelf Image";
				ASSETCATALOG_COMPILER_GENERATE_SWIFT_ASSET_SYMBOL_EXTENSIONS = YES;
				ASSETCATALOG_COMPILER_GLOBAL_ACCENT_COLOR_NAME = AccentColor;
				CLANG_ANALYZER_NONNULL = YES;
				CLANG_ANALYZER_NUMBER_OBJECT_CONVERSION = YES_AGGRESSIVE;
				CLANG_CXX_LANGUAGE_STANDARD = "gnu++20";
				CLANG_ENABLE_MODULES = YES;
				CLANG_ENABLE_OBJC_WEAK = YES;
				CLANG_WARN_DOCUMENTATION_COMMENTS = YES;
				CLANG_WARN_UNGUARDED_AVAILABILITY = YES_AGGRESSIVE;
				CODE_SIGN_STYLE = Automatic;
				CURRENT_PROJECT_VERSION = 1;
				DOCC_HOSTING_BASE_PATH = "";
				ENABLE_USER_SCRIPT_SANDBOXING = YES;
				GCC_C_LANGUAGE_STANDARD = gnu17;
				GENERATE_INFOPLIST_FILE = YES;
				INFOPLIST_FILE = "Example tvOS/Resources/Info.plist";
				INFOPLIST_KEY_UILaunchStoryboardName = LaunchScreen;
				INFOPLIST_KEY_UIUserInterfaceStyle = Automatic;
				LD_RUNPATH_SEARCH_PATHS = (
					"$(inherited)",
					"@executable_path/Frameworks",
				);
				LOCALIZATION_PREFERS_STRING_CATALOGS = YES;
				MARKETING_VERSION = 1.6.1;
				MTL_FAST_MATH = YES;
				PRODUCT_BUNDLE_IDENTIFIER = "com.liam.FlyHUD-ExampletvOS";
				PRODUCT_NAME = "$(TARGET_NAME)";
				SDKROOT = appletvos;
				SWIFT_EMIT_LOC_STRINGS = YES;
				SWIFT_VERSION = 6.0;
				TARGETED_DEVICE_FAMILY = 3;
				TVOS_DEPLOYMENT_TARGET = 13.0;
			};
			name = Release;
		};
		607FACED1AFB9204008FA782 /* Debug */ = {
			isa = XCBuildConfiguration;
			buildSettings = {
				ALWAYS_SEARCH_USER_PATHS = NO;
				CLANG_ANALYZER_LOCALIZABILITY_NONLOCALIZED = YES;
				CLANG_CXX_LANGUAGE_STANDARD = "gnu++0x";
				CLANG_CXX_LIBRARY = "libc++";
				CLANG_ENABLE_MODULES = YES;
				CLANG_ENABLE_OBJC_ARC = YES;
				CLANG_WARN_BLOCK_CAPTURE_AUTORELEASING = YES;
				CLANG_WARN_BOOL_CONVERSION = YES;
				CLANG_WARN_COMMA = YES;
				CLANG_WARN_CONSTANT_CONVERSION = YES;
				CLANG_WARN_DEPRECATED_OBJC_IMPLEMENTATIONS = YES;
				CLANG_WARN_DIRECT_OBJC_ISA_USAGE = YES_ERROR;
				CLANG_WARN_EMPTY_BODY = YES;
				CLANG_WARN_ENUM_CONVERSION = YES;
				CLANG_WARN_INFINITE_RECURSION = YES;
				CLANG_WARN_INT_CONVERSION = YES;
				CLANG_WARN_NON_LITERAL_NULL_CONVERSION = YES;
				CLANG_WARN_OBJC_IMPLICIT_RETAIN_SELF = YES;
				CLANG_WARN_OBJC_LITERAL_CONVERSION = YES;
				CLANG_WARN_OBJC_ROOT_CLASS = YES_ERROR;
				CLANG_WARN_QUOTED_INCLUDE_IN_FRAMEWORK_HEADER = YES;
				CLANG_WARN_RANGE_LOOP_ANALYSIS = YES;
				CLANG_WARN_STRICT_PROTOTYPES = YES;
				CLANG_WARN_SUSPICIOUS_MOVE = YES;
				CLANG_WARN_UNREACHABLE_CODE = YES;
				CLANG_WARN__DUPLICATE_METHOD_MATCH = YES;
				"CODE_SIGN_IDENTITY[sdk=iphoneos*]" = "iPhone Developer";
				COPY_PHASE_STRIP = NO;
				DEBUG_INFORMATION_FORMAT = dwarf;
				ENABLE_STRICT_OBJC_MSGSEND = YES;
				ENABLE_TESTABILITY = YES;
				GCC_C_LANGUAGE_STANDARD = gnu99;
				GCC_DYNAMIC_NO_PIC = NO;
				GCC_NO_COMMON_BLOCKS = YES;
				GCC_OPTIMIZATION_LEVEL = 0;
				GCC_PREPROCESSOR_DEFINITIONS = (
					"DEBUG=1",
					"$(inherited)",
				);
				GCC_SYMBOLS_PRIVATE_EXTERN = NO;
				GCC_WARN_64_TO_32_BIT_CONVERSION = YES;
				GCC_WARN_ABOUT_RETURN_TYPE = YES_ERROR;
				GCC_WARN_UNDECLARED_SELECTOR = YES;
				GCC_WARN_UNINITIALIZED_AUTOS = YES_AGGRESSIVE;
				GCC_WARN_UNUSED_FUNCTION = YES;
				GCC_WARN_UNUSED_VARIABLE = YES;
				MTL_ENABLE_DEBUG_INFO = YES;
				ONLY_ACTIVE_ARCH = YES;
				SDKROOT = iphoneos;
				STRING_CATALOG_GENERATE_SYMBOLS = YES;
				SWIFT_OPTIMIZATION_LEVEL = "-Onone";
				SWIFT_VERSION = 5.0;
			};
			name = Debug;
		};
		607FACEE1AFB9204008FA782 /* Release */ = {
			isa = XCBuildConfiguration;
			buildSettings = {
				ALWAYS_SEARCH_USER_PATHS = NO;
				CLANG_ANALYZER_LOCALIZABILITY_NONLOCALIZED = YES;
				CLANG_CXX_LANGUAGE_STANDARD = "gnu++0x";
				CLANG_CXX_LIBRARY = "libc++";
				CLANG_ENABLE_MODULES = YES;
				CLANG_ENABLE_OBJC_ARC = YES;
				CLANG_WARN_BLOCK_CAPTURE_AUTORELEASING = YES;
				CLANG_WARN_BOOL_CONVERSION = YES;
				CLANG_WARN_COMMA = YES;
				CLANG_WARN_CONSTANT_CONVERSION = YES;
				CLANG_WARN_DEPRECATED_OBJC_IMPLEMENTATIONS = YES;
				CLANG_WARN_DIRECT_OBJC_ISA_USAGE = YES_ERROR;
				CLANG_WARN_EMPTY_BODY = YES;
				CLANG_WARN_ENUM_CONVERSION = YES;
				CLANG_WARN_INFINITE_RECURSION = YES;
				CLANG_WARN_INT_CONVERSION = YES;
				CLANG_WARN_NON_LITERAL_NULL_CONVERSION = YES;
				CLANG_WARN_OBJC_IMPLICIT_RETAIN_SELF = YES;
				CLANG_WARN_OBJC_LITERAL_CONVERSION = YES;
				CLANG_WARN_OBJC_ROOT_CLASS = YES_ERROR;
				CLANG_WARN_QUOTED_INCLUDE_IN_FRAMEWORK_HEADER = YES;
				CLANG_WARN_RANGE_LOOP_ANALYSIS = YES;
				CLANG_WARN_STRICT_PROTOTYPES = YES;
				CLANG_WARN_SUSPICIOUS_MOVE = YES;
				CLANG_WARN_UNREACHABLE_CODE = YES;
				CLANG_WARN__DUPLICATE_METHOD_MATCH = YES;
				"CODE_SIGN_IDENTITY[sdk=iphoneos*]" = "iPhone Developer";
				COPY_PHASE_STRIP = NO;
				DEBUG_INFORMATION_FORMAT = "dwarf-with-dsym";
				ENABLE_NS_ASSERTIONS = NO;
				ENABLE_STRICT_OBJC_MSGSEND = YES;
				GCC_C_LANGUAGE_STANDARD = gnu99;
				GCC_NO_COMMON_BLOCKS = YES;
				GCC_WARN_64_TO_32_BIT_CONVERSION = YES;
				GCC_WARN_ABOUT_RETURN_TYPE = YES_ERROR;
				GCC_WARN_UNDECLARED_SELECTOR = YES;
				GCC_WARN_UNINITIALIZED_AUTOS = YES_AGGRESSIVE;
				GCC_WARN_UNUSED_FUNCTION = YES;
				GCC_WARN_UNUSED_VARIABLE = YES;
				MTL_ENABLE_DEBUG_INFO = NO;
				SDKROOT = iphoneos;
				STRING_CATALOG_GENERATE_SYMBOLS = YES;
				SWIFT_COMPILATION_MODE = wholemodule;
				SWIFT_OPTIMIZATION_LEVEL = "-O";
				SWIFT_VERSION = 5.0;
				VALIDATE_PRODUCT = YES;
			};
			name = Release;
		};
		607FACF01AFB9204008FA782 /* Debug */ = {
			isa = XCBuildConfiguration;
			buildSettings = {
				ASSETCATALOG_COMPILER_APPICON_NAME = AppIcon;
				CLANG_ENABLE_MODULES = YES;
				DEVELOPMENT_TEAM = "";
				INFOPLIST_FILE = "Example iOS/Resources/Info.plist";
				IPHONEOS_DEPLOYMENT_TARGET = 13.0;
				LD_RUNPATH_SEARCH_PATHS = (
					"$(inherited)",
					"@executable_path/Frameworks",
				);
				MARKETING_VERSION = 1.6.1;
				MODULE_NAME = ExampleApp;
				PRODUCT_BUNDLE_IDENTIFIER = "com.liam.FlyHUD-ExampleiOS";
				PRODUCT_NAME = "$(TARGET_NAME)";
				SUPPORTED_PLATFORMS = "iphoneos iphonesimulator xros xrsimulator";
				SUPPORTS_XR_DESIGNED_FOR_IPHONE_IPAD = NO;
				SWIFT_OBJC_BRIDGING_HEADER = "Example iOS/ObjC/iOS-Bridging-Header.h";
				SWIFT_OPTIMIZATION_LEVEL = "-Onone";
				SWIFT_SWIFT3_OBJC_INFERENCE = Default;
				SWIFT_VERSION = 6.0;
				XROS_DEPLOYMENT_TARGET = 1.0;
			};
			name = Debug;
		};
		607FACF11AFB9204008FA782 /* Release */ = {
			isa = XCBuildConfiguration;
			buildSettings = {
				ASSETCATALOG_COMPILER_APPICON_NAME = AppIcon;
				CLANG_ENABLE_MODULES = YES;
				DEVELOPMENT_TEAM = "";
				INFOPLIST_FILE = "Example iOS/Resources/Info.plist";
				IPHONEOS_DEPLOYMENT_TARGET = 13.0;
				LD_RUNPATH_SEARCH_PATHS = (
					"$(inherited)",
					"@executable_path/Frameworks",
				);
				MARKETING_VERSION = 1.6.1;
				MODULE_NAME = ExampleApp;
				PRODUCT_BUNDLE_IDENTIFIER = "com.liam.FlyHUD-ExampleiOS";
				PRODUCT_NAME = "$(TARGET_NAME)";
				SUPPORTED_PLATFORMS = "iphoneos iphonesimulator xros xrsimulator";
				SUPPORTS_XR_DESIGNED_FOR_IPHONE_IPAD = NO;
				SWIFT_OBJC_BRIDGING_HEADER = "Example iOS/ObjC/iOS-Bridging-Header.h";
				SWIFT_SWIFT3_OBJC_INFERENCE = Default;
				SWIFT_VERSION = 6.0;
				XROS_DEPLOYMENT_TARGET = 1.0;
			};
			name = Release;
		};
		607FACF31AFB9204008FA782 /* Debug */ = {
			isa = XCBuildConfiguration;
			buildSettings = {
				DEVELOPMENT_TEAM = "";
				DOCC_HOSTING_BASE_PATH = "";
				FRAMEWORK_SEARCH_PATHS = (
					"$(PLATFORM_DIR)/Developer/Library/Frameworks",
					"$(inherited)",
				);
				GCC_PREPROCESSOR_DEFINITIONS = (
					"DEBUG=1",
					"$(inherited)",
				);
				INFOPLIST_FILE = Tests/Info.plist;
				IPHONEOS_DEPLOYMENT_TARGET = 13.0;
				LD_RUNPATH_SEARCH_PATHS = (
					"$(inherited)",
					"@executable_path/Frameworks",
					"@loader_path/Frameworks",
				);
				PRODUCT_BUNDLE_IDENTIFIER = "com.liam.FlyHUD-ExampleiOS-Tests";
				PRODUCT_NAME = "$(TARGET_NAME)";
				SWIFT_SWIFT3_OBJC_INFERENCE = Default;
				SWIFT_VERSION = 6.0;
				TEST_HOST = "$(BUILT_PRODUCTS_DIR)/Example iOS.app/Example iOS";
			};
			name = Debug;
		};
		607FACF41AFB9204008FA782 /* Release */ = {
			isa = XCBuildConfiguration;
			buildSettings = {
				DEVELOPMENT_TEAM = "";
				DOCC_HOSTING_BASE_PATH = "";
				FRAMEWORK_SEARCH_PATHS = (
					"$(PLATFORM_DIR)/Developer/Library/Frameworks",
					"$(inherited)",
				);
				INFOPLIST_FILE = Tests/Info.plist;
				IPHONEOS_DEPLOYMENT_TARGET = 13.0;
				LD_RUNPATH_SEARCH_PATHS = (
					"$(inherited)",
					"@executable_path/Frameworks",
					"@loader_path/Frameworks",
				);
				PRODUCT_BUNDLE_IDENTIFIER = "com.liam.FlyHUD-ExampleiOS-Tests";
				PRODUCT_NAME = "$(TARGET_NAME)";
				SWIFT_SWIFT3_OBJC_INFERENCE = Default;
				SWIFT_VERSION = 6.0;
				TEST_HOST = "$(BUILT_PRODUCTS_DIR)/Example iOS.app/Example iOS";
			};
			name = Release;
		};
		68062CD22DF662DAF84D0844 /* Release */ = {
			isa = XCBuildConfiguration;
			buildSettings = {
				BUILD_LIBRARY_FOR_DISTRIBUTION = YES;
				CLANG_ENABLE_OBJC_WEAK = NO;
				CODE_SIGN_IDENTITY = "";
				CODE_SIGN_STYLE = Automatic;
				CURRENT_PROJECT_VERSION = 1;
				DEBUG_INFORMATION_FORMAT = "dwarf-with-dsym";
				DEFINES_MODULE = YES;
				DYLIB_COMPATIBILITY_VERSION = 1;
				DYLIB_CURRENT_VERSION = 1;
				DYLIB_INSTALL_NAME_BASE = "@rpath";
				ENABLE_MODULE_VERIFIER = YES;
				"EXCLUDED_ARCHS[sdk=iphonesimulator*]" = x86_64;
				GENERATE_INFOPLIST_FILE = YES;
				INFOPLIST_KEY_NSHumanReadableCopyright = "Copyright © 2024 Liam. All rights reserved.";
				INSTALL_PATH = "$(LOCAL_LIBRARY_DIR)/Frameworks";
				IPHONEOS_DEPLOYMENT_TARGET = 13.0;
				LD_RUNPATH_SEARCH_PATHS = (
					"$(inherited)",
					"@executable_path/Frameworks",
					"@loader_path/Frameworks",
				);
				MARKETING_VERSION = 1.6.1;
				MODULE_VERIFIER_SUPPORTED_LANGUAGE_STANDARDS = "gnu99 gnu++11";
				PRODUCT_BUNDLE_IDENTIFIER = com.liam.FlyIndicatorHUD;
				PRODUCT_NAME = "$(TARGET_NAME:c99extidentifier)";
				SDKROOT = iphoneos;
				SKIP_INSTALL = YES;
				SUPPORTED_PLATFORMS = "iphoneos iphonesimulator appletvos appletvsimulator xros xrsimulator";
				SWIFT_VERSION = 5.0;
				TARGETED_DEVICE_FAMILY = "1,2,3,7";
				TVOS_DEPLOYMENT_TARGET = 13.0;
				VALIDATE_PRODUCT = YES;
				VERSIONING_SYSTEM = "apple-generic";
				VERSION_INFO_PREFIX = "";
				XROS_DEPLOYMENT_TARGET = 1.0;
			};
			name = Release;
		};
		6D3A0928B3141678DE6104A0 /* Release */ = {
			isa = XCBuildConfiguration;
			buildSettings = {
				ASSETCATALOG_COMPILER_APPICON_NAME = AppIcon;
				ASSETCATALOG_COMPILER_GLOBAL_ACCENT_COLOR_NAME = AccentColor;
				CLANG_ENABLE_OBJC_WEAK = NO;
				CODE_SIGN_STYLE = Automatic;
				CURRENT_PROJECT_VERSION = 1;
				GENERATE_INFOPLIST_FILE = YES;
				INFOPLIST_FILE = "";
				INFOPLIST_KEY_UILaunchScreen_Generation = YES;
				IPHONEOS_DEPLOYMENT_TARGET = 16.0;
				LD_RUNPATH_SEARCH_PATHS = (
					"$(inherited)",
					"@executable_path/Frameworks",
				);
				MARKETING_VERSION = 1.6.1;
				PRODUCT_BUNDLE_IDENTIFIER = "com.liam.FlyHUD-ExampleSwiftUI";
				PRODUCT_MODULE_NAME = ExampleSwiftUI;
				PRODUCT_NAME = "Example SwiftUI";
				SDKROOT = iphoneos;
				SUPPORTED_PLATFORMS = "iphoneos iphonesimulator xros xrsimulator";
				SUPPORTS_XR_DESIGNED_FOR_IPHONE_IPAD = NO;
				SWIFT_VERSION = 6.0;
				TARGETED_DEVICE_FAMILY = "1,2,7";
				VALIDATE_PRODUCT = YES;
				XROS_DEPLOYMENT_TARGET = 1.0;
			};
			name = Release;
		};
		762540B7CD13685D0BF5A795 /* Debug */ = {
			isa = XCBuildConfiguration;
			buildSettings = {
				BUILD_LIBRARY_FOR_DISTRIBUTION = YES;
				CLANG_ENABLE_OBJC_WEAK = NO;
				CODE_SIGN_IDENTITY = "";
				CODE_SIGN_STYLE = Automatic;
				CURRENT_PROJECT_VERSION = 1;
				DEBUG_INFORMATION_FORMAT = dwarf;
				DEFINES_MODULE = YES;
				DYLIB_COMPATIBILITY_VERSION = 1;
				DYLIB_CURRENT_VERSION = 1;
				DYLIB_INSTALL_NAME_BASE = "@rpath";
				ENABLE_MODULE_VERIFIER = YES;
				"EXCLUDED_ARCHS[sdk=iphonesimulator*]" = x86_64;
				GENERATE_INFOPLIST_FILE = YES;
				INFOPLIST_KEY_NSHumanReadableCopyright = "Copyright © 2024 Liam. All rights reserved.";
				INSTALL_PATH = "$(LOCAL_LIBRARY_DIR)/Frameworks";
				IPHONEOS_DEPLOYMENT_TARGET = 13.0;
				LD_RUNPATH_SEARCH_PATHS = (
					"$(inherited)",
					"@executable_path/Frameworks",
					"@loader_path/Frameworks",
				);
				MARKETING_VERSION = 1.6.1;
				MODULE_VERIFIER_SUPPORTED_LANGUAGE_STANDARDS = "gnu99 gnu++11";
				PRODUCT_BUNDLE_IDENTIFIER = com.liam.FlyHUD;
				PRODUCT_NAME = "$(TARGET_NAME:c99extidentifier)";
				SDKROOT = iphoneos;
				SKIP_INSTALL = YES;
				SUPPORTED_PLATFORMS = "iphoneos iphonesimulator appletvos appletvsimulator xros xrsimulator";
				SWIFT_VERSION = 5.0;
				TARGETED_DEVICE_FAMILY = "1,2,3,7";
				TVOS_DEPLOYMENT_TARGET = 13.0;
				VERSIONING_SYSTEM = "apple-generic";
				VERSION_INFO_PREFIX = "";
				XROS_DEPLOYMENT_TARGET = 1.0;
			};
			name = Debug;
		};
		793F7A2FE743076C4F41D648 /* Release */ = {
			isa = XCBuildConfiguration;
			buildSettings = {
				CLANG_ENABLE_OBJC_WEAK = NO;
				CODE_SIGN_STYLE = Automatic;
				GENERATE_INFOPLIST_FILE = YES;
				IPHONEOS_DEPLOYMENT_TARGET = 16.0;
				PRODUCT_BUNDLE_IDENTIFIER = "com.liam.FlyHUD-ExampleiOS-UITests";
				PRODUCT_NAME = UITests;
				SDKROOT = iphoneos;
				SWIFT_VERSION = 5.0;
				TEST_TARGET_NAME = "Example SwiftUI";
				VALIDATE_PRODUCT = YES;
			};
			name = Release;
		};
		A6E265C3409C139E9A67B49C /* Release */ = {
			isa = XCBuildConfiguration;
			buildSettings = {
				BUILD_LIBRARY_FOR_DISTRIBUTION = YES;
				CLANG_ENABLE_OBJC_WEAK = NO;
				CODE_SIGN_IDENTITY = "";
				CODE_SIGN_STYLE = Automatic;
				CURRENT_PROJECT_VERSION = 1;
				DEBUG_INFORMATION_FORMAT = "dwarf-with-dsym";
				DEFINES_MODULE = YES;
				DYLIB_COMPATIBILITY_VERSION = 1;
				DYLIB_CURRENT_VERSION = 1;
				DYLIB_INSTALL_NAME_BASE = "@rpath";
				ENABLE_MODULE_VERIFIER = YES;
				"EXCLUDED_ARCHS[sdk=iphonesimulator*]" = x86_64;
				GENERATE_INFOPLIST_FILE = YES;
				INFOPLIST_KEY_NSHumanReadableCopyright = "Copyright © 2024 Liam. All rights reserved.";
				INSTALL_PATH = "$(LOCAL_LIBRARY_DIR)/Frameworks";
				IPHONEOS_DEPLOYMENT_TARGET = 16.0;
				LD_RUNPATH_SEARCH_PATHS = (
					"$(inherited)",
					"@executable_path/Frameworks",
					"@loader_path/Frameworks",
				);
				MARKETING_VERSION = 1.6.1;
				MODULE_VERIFIER_SUPPORTED_LANGUAGE_STANDARDS = "gnu99 gnu++11";
				PRODUCT_BUNDLE_IDENTIFIER = com.liam.FlyHUDSwiftUI;
				PRODUCT_NAME = "$(TARGET_NAME:c99extidentifier)";
				SDKROOT = iphoneos;
				SKIP_INSTALL = YES;
				SUPPORTED_PLATFORMS = "iphoneos iphonesimulator appletvos appletvsimulator xros xrsimulator";
				SWIFT_VERSION = 5.0;
				TARGETED_DEVICE_FAMILY = "1,2,3,7";
				TVOS_DEPLOYMENT_TARGET = 16.0;
				VALIDATE_PRODUCT = YES;
				VERSIONING_SYSTEM = "apple-generic";
				VERSION_INFO_PREFIX = "";
				XROS_DEPLOYMENT_TARGET = 1.0;
			};
			name = Release;
		};
		AC842FFD6518CC83FB9084BE /* Release */ = {
			isa = XCBuildConfiguration;
			buildSettings = {
				BUILD_LIBRARY_FOR_DISTRIBUTION = YES;
				CLANG_ENABLE_OBJC_WEAK = NO;
				CODE_SIGN_IDENTITY = "";
				CODE_SIGN_STYLE = Automatic;
				CURRENT_PROJECT_VERSION = 1;
				DEBUG_INFORMATION_FORMAT = "dwarf-with-dsym";
				DEFINES_MODULE = YES;
				DYLIB_COMPATIBILITY_VERSION = 1;
				DYLIB_CURRENT_VERSION = 1;
				DYLIB_INSTALL_NAME_BASE = "@rpath";
				ENABLE_MODULE_VERIFIER = YES;
				"EXCLUDED_ARCHS[sdk=iphonesimulator*]" = x86_64;
				GENERATE_INFOPLIST_FILE = YES;
				INFOPLIST_KEY_NSHumanReadableCopyright = "Copyright © 2024 Liam. All rights reserved.";
				INSTALL_PATH = "$(LOCAL_LIBRARY_DIR)/Frameworks";
				IPHONEOS_DEPLOYMENT_TARGET = 13.0;
				LD_RUNPATH_SEARCH_PATHS = (
					"$(inherited)",
					"@executable_path/Frameworks",
					"@loader_path/Frameworks",
				);
				MARKETING_VERSION = 1.6.1;
				MODULE_VERIFIER_SUPPORTED_LANGUAGE_STANDARDS = "gnu99 gnu++11";
				PRODUCT_BUNDLE_IDENTIFIER = com.liam.FlyProgressHUD;
				PRODUCT_NAME = "$(TARGET_NAME:c99extidentifier)";
				SDKROOT = iphoneos;
				SKIP_INSTALL = YES;
				SUPPORTED_PLATFORMS = "iphoneos iphonesimulator appletvos appletvsimulator xros xrsimulator";
				SWIFT_VERSION = 5.0;
				TARGETED_DEVICE_FAMILY = "1,2,3,7";
				TVOS_DEPLOYMENT_TARGET = 13.0;
				VALIDATE_PRODUCT = YES;
				VERSIONING_SYSTEM = "apple-generic";
				VERSION_INFO_PREFIX = "";
				XROS_DEPLOYMENT_TARGET = 1.0;
			};
			name = Release;
		};
		BD8AE32E687CD4A6BE5BD41B /* Release */ = {
			isa = XCBuildConfiguration;
			buildSettings = {
				BUILD_LIBRARY_FOR_DISTRIBUTION = YES;
				CLANG_ENABLE_OBJC_WEAK = NO;
				CODE_SIGN_IDENTITY = "";
				CODE_SIGN_STYLE = Automatic;
				CURRENT_PROJECT_VERSION = 1;
				DEBUG_INFORMATION_FORMAT = "dwarf-with-dsym";
				DEFINES_MODULE = YES;
				DYLIB_COMPATIBILITY_VERSION = 1;
				DYLIB_CURRENT_VERSION = 1;
				DYLIB_INSTALL_NAME_BASE = "@rpath";
				ENABLE_MODULE_VERIFIER = YES;
				"EXCLUDED_ARCHS[sdk=iphonesimulator*]" = x86_64;
				GENERATE_INFOPLIST_FILE = YES;
				INFOPLIST_KEY_NSHumanReadableCopyright = "Copyright © 2024 Liam. All rights reserved.";
				INSTALL_PATH = "$(LOCAL_LIBRARY_DIR)/Frameworks";
				IPHONEOS_DEPLOYMENT_TARGET = 13.0;
				LD_RUNPATH_SEARCH_PATHS = (
					"$(inherited)",
					"@executable_path/Frameworks",
					"@loader_path/Frameworks",
				);
				MARKETING_VERSION = 1.6.1;
				MODULE_VERIFIER_SUPPORTED_LANGUAGE_STANDARDS = "gnu99 gnu++11";
				PRODUCT_BUNDLE_IDENTIFIER = com.liam.FlyHUD;
				PRODUCT_NAME = "$(TARGET_NAME:c99extidentifier)";
				SDKROOT = iphoneos;
				SKIP_INSTALL = YES;
				SUPPORTED_PLATFORMS = "iphoneos iphonesimulator appletvos appletvsimulator xros xrsimulator";
				SWIFT_VERSION = 5.0;
				TARGETED_DEVICE_FAMILY = "1,2,3,7";
				TVOS_DEPLOYMENT_TARGET = 13.0;
				VALIDATE_PRODUCT = YES;
				VERSIONING_SYSTEM = "apple-generic";
				VERSION_INFO_PREFIX = "";
				XROS_DEPLOYMENT_TARGET = 1.0;
			};
			name = Release;
		};
		D9496A2F867ACA2B797F2667 /* Debug */ = {
			isa = XCBuildConfiguration;
			buildSettings = {
				CLANG_ENABLE_OBJC_WEAK = NO;
				CODE_SIGN_STYLE = Automatic;
				GENERATE_INFOPLIST_FILE = YES;
				IPHONEOS_DEPLOYMENT_TARGET = 16.0;
				PRODUCT_BUNDLE_IDENTIFIER = "com.liam.FlyHUD-ExampleiOS-UITests";
				PRODUCT_NAME = UITests;
				SDKROOT = iphoneos;
				SWIFT_VERSION = 5.0;
				TEST_TARGET_NAME = "Example SwiftUI";
			};
			name = Debug;
		};
		ED9009AAE13A9B3F9E587416 /* Debug */ = {
			isa = XCBuildConfiguration;
			buildSettings = {
				BUILD_LIBRARY_FOR_DISTRIBUTION = YES;
				CLANG_ENABLE_OBJC_WEAK = NO;
				CODE_SIGN_IDENTITY = "";
				CODE_SIGN_STYLE = Automatic;
				CURRENT_PROJECT_VERSION = 1;
				DEBUG_INFORMATION_FORMAT = dwarf;
				DEFINES_MODULE = YES;
				DYLIB_COMPATIBILITY_VERSION = 1;
				DYLIB_CURRENT_VERSION = 1;
				DYLIB_INSTALL_NAME_BASE = "@rpath";
				ENABLE_MODULE_VERIFIER = YES;
				"EXCLUDED_ARCHS[sdk=iphonesimulator*]" = x86_64;
				GENERATE_INFOPLIST_FILE = YES;
				INFOPLIST_KEY_NSHumanReadableCopyright = "Copyright © 2024 Liam. All rights reserved.";
				INSTALL_PATH = "$(LOCAL_LIBRARY_DIR)/Frameworks";
				IPHONEOS_DEPLOYMENT_TARGET = 13.0;
				LD_RUNPATH_SEARCH_PATHS = (
					"$(inherited)",
					"@executable_path/Frameworks",
					"@loader_path/Frameworks",
				);
				MARKETING_VERSION = 1.6.1;
				MODULE_VERIFIER_SUPPORTED_LANGUAGE_STANDARDS = "gnu99 gnu++11";
				PRODUCT_BUNDLE_IDENTIFIER = com.liam.FlyProgressHUD;
				PRODUCT_NAME = "$(TARGET_NAME:c99extidentifier)";
				SDKROOT = iphoneos;
				SKIP_INSTALL = YES;
				SUPPORTED_PLATFORMS = "iphoneos iphonesimulator appletvos appletvsimulator xros xrsimulator";
				SWIFT_VERSION = 5.0;
				TARGETED_DEVICE_FAMILY = "1,2,3,7";
				TVOS_DEPLOYMENT_TARGET = 13.0;
				VERSIONING_SYSTEM = "apple-generic";
				VERSION_INFO_PREFIX = "";
				XROS_DEPLOYMENT_TARGET = 1.0;
			};
			name = Debug;
		};
		F4E2FC8F641D1967C664CB95 /* Debug */ = {
			isa = XCBuildConfiguration;
			buildSettings = {
				BUILD_LIBRARY_FOR_DISTRIBUTION = YES;
				CLANG_ENABLE_OBJC_WEAK = NO;
				CODE_SIGN_IDENTITY = "";
				CODE_SIGN_STYLE = Automatic;
				CURRENT_PROJECT_VERSION = 1;
				DEBUG_INFORMATION_FORMAT = dwarf;
				DEFINES_MODULE = YES;
				DYLIB_COMPATIBILITY_VERSION = 1;
				DYLIB_CURRENT_VERSION = 1;
				DYLIB_INSTALL_NAME_BASE = "@rpath";
				ENABLE_MODULE_VERIFIER = YES;
				"EXCLUDED_ARCHS[sdk=iphonesimulator*]" = x86_64;
				GENERATE_INFOPLIST_FILE = YES;
				INFOPLIST_KEY_NSHumanReadableCopyright = "Copyright © 2024 Liam. All rights reserved.";
				INSTALL_PATH = "$(LOCAL_LIBRARY_DIR)/Frameworks";
				IPHONEOS_DEPLOYMENT_TARGET = 16.0;
				LD_RUNPATH_SEARCH_PATHS = (
					"$(inherited)",
					"@executable_path/Frameworks",
					"@loader_path/Frameworks",
				);
				MARKETING_VERSION = 1.6.1;
				MODULE_VERIFIER_SUPPORTED_LANGUAGE_STANDARDS = "gnu99 gnu++11";
				PRODUCT_BUNDLE_IDENTIFIER = com.liam.FlyHUDSwiftUI;
				PRODUCT_NAME = "$(TARGET_NAME:c99extidentifier)";
				SDKROOT = iphoneos;
				SKIP_INSTALL = YES;
				SUPPORTED_PLATFORMS = "iphoneos iphonesimulator appletvos appletvsimulator xros xrsimulator";
				SWIFT_VERSION = 5.0;
				TARGETED_DEVICE_FAMILY = "1,2,3,7";
				TVOS_DEPLOYMENT_TARGET = 16.0;
				VERSIONING_SYSTEM = "apple-generic";
				VERSION_INFO_PREFIX = "";
				XROS_DEPLOYMENT_TARGET = 1.0;
			};
			name = Debug;
		};
		F8F17051582E638F6FE65BF0 /* Debug */ = {
			isa = XCBuildConfiguration;
			buildSettings = {
				ASSETCATALOG_COMPILER_APPICON_NAME = AppIcon;
				ASSETCATALOG_COMPILER_GLOBAL_ACCENT_COLOR_NAME = AccentColor;
				CLANG_ENABLE_OBJC_WEAK = NO;
				CODE_SIGN_STYLE = Automatic;
				CURRENT_PROJECT_VERSION = 1;
				GENERATE_INFOPLIST_FILE = YES;
				INFOPLIST_FILE = "";
				INFOPLIST_KEY_UILaunchScreen_Generation = YES;
				IPHONEOS_DEPLOYMENT_TARGET = 16.0;
				LD_RUNPATH_SEARCH_PATHS = (
					"$(inherited)",
					"@executable_path/Frameworks",
				);
				MARKETING_VERSION = 1.6.1;
				PRODUCT_BUNDLE_IDENTIFIER = "com.liam.FlyHUD-ExampleSwiftUI";
				PRODUCT_MODULE_NAME = ExampleSwiftUI;
				PRODUCT_NAME = "Example SwiftUI";
				SDKROOT = iphoneos;
				SUPPORTED_PLATFORMS = "iphoneos iphonesimulator xros xrsimulator";
				SUPPORTS_XR_DESIGNED_FOR_IPHONE_IPAD = NO;
				SWIFT_VERSION = 6.0;
				TARGETED_DEVICE_FAMILY = "1,2,7";
				XROS_DEPLOYMENT_TARGET = 1.0;
			};
			name = Debug;
		};
		FB2FCB17F7B3425441001915 /* Debug */ = {
			isa = XCBuildConfiguration;
			buildSettings = {
				BUILD_LIBRARY_FOR_DISTRIBUTION = YES;
				CLANG_ENABLE_OBJC_WEAK = NO;
				CODE_SIGN_IDENTITY = "";
				CODE_SIGN_STYLE = Automatic;
				CURRENT_PROJECT_VERSION = 1;
				DEBUG_INFORMATION_FORMAT = dwarf;
				DEFINES_MODULE = YES;
				DYLIB_COMPATIBILITY_VERSION = 1;
				DYLIB_CURRENT_VERSION = 1;
				DYLIB_INSTALL_NAME_BASE = "@rpath";
				ENABLE_MODULE_VERIFIER = YES;
				"EXCLUDED_ARCHS[sdk=iphonesimulator*]" = x86_64;
				GENERATE_INFOPLIST_FILE = YES;
				INFOPLIST_KEY_NSHumanReadableCopyright = "Copyright © 2024 Liam. All rights reserved.";
				INSTALL_PATH = "$(LOCAL_LIBRARY_DIR)/Frameworks";
				IPHONEOS_DEPLOYMENT_TARGET = 13.0;
				LD_RUNPATH_SEARCH_PATHS = (
					"$(inherited)",
					"@executable_path/Frameworks",
					"@loader_path/Frameworks",
				);
				MARKETING_VERSION = 1.6.1;
				MODULE_VERIFIER_SUPPORTED_LANGUAGE_STANDARDS = "gnu99 gnu++11";
				PRODUCT_BUNDLE_IDENTIFIER = com.liam.FlyIndicatorHUD;
				PRODUCT_NAME = "$(TARGET_NAME:c99extidentifier)";
				SDKROOT = iphoneos;
				SKIP_INSTALL = YES;
				SUPPORTED_PLATFORMS = "iphoneos iphonesimulator appletvos appletvsimulator xros xrsimulator";
				SWIFT_VERSION = 5.0;
				TARGETED_DEVICE_FAMILY = "1,2,3,7";
				TVOS_DEPLOYMENT_TARGET = 13.0;
				VERSIONING_SYSTEM = "apple-generic";
				VERSION_INFO_PREFIX = "";
				XROS_DEPLOYMENT_TARGET = 1.0;
			};
			name = Debug;
		};
/* End XCBuildConfiguration section */

/* Begin XCConfigurationList section */
		0C7754992B550B210000AA43 /* Build configuration list for PBXNativeTarget "Example tvOS" */ = {
			isa = XCConfigurationList;
			buildConfigurations = (
				0C7754932B550B210000AA43 /* Debug */,
				0C7754942B550B210000AA43 /* Release */,
			);
			defaultConfigurationIsVisible = 0;
			defaultConfigurationName = Release;
		};
		2F636D61B02BF921A455170B /* Build configuration list for PBXNativeTarget "FlyIndicatorHUD" */ = {
			isa = XCConfigurationList;
			buildConfigurations = (
				68062CD22DF662DAF84D0844 /* Release */,
				FB2FCB17F7B3425441001915 /* Debug */,
			);
			defaultConfigurationIsVisible = 0;
			defaultConfigurationName = Release;
		};
		4F88C84E9EF08D74DDDBBFFC /* Build configuration list for PBXNativeTarget "FlyHUD" */ = {
			isa = XCConfigurationList;
			buildConfigurations = (
				BD8AE32E687CD4A6BE5BD41B /* Release */,
				762540B7CD13685D0BF5A795 /* Debug */,
			);
			defaultConfigurationIsVisible = 0;
			defaultConfigurationName = Release;
		};
		5B44336AF9DAF0C493EE86CF /* Build configuration list for PBXNativeTarget "Example SwiftUI" */ = {
			isa = XCConfigurationList;
			buildConfigurations = (
				6D3A0928B3141678DE6104A0 /* Release */,
				F8F17051582E638F6FE65BF0 /* Debug */,
			);
			defaultConfigurationIsVisible = 0;
			defaultConfigurationName = Release;
		};
		607FACCB1AFB9204008FA782 /* Build configuration list for PBXProject "FlyHUD" */ = {
			isa = XCConfigurationList;
			buildConfigurations = (
				607FACED1AFB9204008FA782 /* Debug */,
				607FACEE1AFB9204008FA782 /* Release */,
			);
			defaultConfigurationIsVisible = 0;
			defaultConfigurationName = Release;
		};
		607FACEF1AFB9204008FA782 /* Build configuration list for PBXNativeTarget "Example iOS" */ = {
			isa = XCConfigurationList;
			buildConfigurations = (
				607FACF01AFB9204008FA782 /* Debug */,
				607FACF11AFB9204008FA782 /* Release */,
			);
			defaultConfigurationIsVisible = 0;
			defaultConfigurationName = Release;
		};
		607FACF21AFB9204008FA782 /* Build configuration list for PBXNativeTarget "Example Tests" */ = {
			isa = XCConfigurationList;
			buildConfigurations = (
				607FACF31AFB9204008FA782 /* Debug */,
				607FACF41AFB9204008FA782 /* Release */,
			);
			defaultConfigurationIsVisible = 0;
			defaultConfigurationName = Release;
		};
		64006C1107585A96002B49F8 /* Build configuration list for PBXNativeTarget "FlyProgressHUD" */ = {
			isa = XCConfigurationList;
			buildConfigurations = (
				AC842FFD6518CC83FB9084BE /* Release */,
				ED9009AAE13A9B3F9E587416 /* Debug */,
			);
			defaultConfigurationIsVisible = 0;
			defaultConfigurationName = Release;
		};
		7632A29C5B47934479989B2E /* Build configuration list for PBXNativeTarget "Example UITests" */ = {
			isa = XCConfigurationList;
			buildConfigurations = (
				793F7A2FE743076C4F41D648 /* Release */,
				D9496A2F867ACA2B797F2667 /* Debug */,
			);
			defaultConfigurationIsVisible = 0;
			defaultConfigurationName = Release;
		};
		D2B0F0B3F03F3503CFE8CE94 /* Build configuration list for PBXNativeTarget "FlyHUDSwiftUI" */ = {
			isa = XCConfigurationList;
			buildConfigurations = (
				A6E265C3409C139E9A67B49C /* Release */,
				F4E2FC8F641D1967C664CB95 /* Debug */,
			);
			defaultConfigurationIsVisible = 0;
			defaultConfigurationName = Release;
		};
/* End XCConfigurationList section */

/* Begin XCLocalSwiftPackageReference section */
		0CC9C8442FBE4977003AF3C3 /* XCLocalSwiftPackageReference "../FlyHUD" */ = {
			isa = XCLocalSwiftPackageReference;
			relativePath = ../FlyHUD;
		};
/* End XCLocalSwiftPackageReference section */

/* Begin XCSwiftPackageProductDependency section */
		0C1245702FBE4F8300DE9E08 /* FlyHUD */ = {
			isa = XCSwiftPackageProductDependency;
			package = 0CC9C8442FBE4977003AF3C3 /* XCLocalSwiftPackageReference "../FlyHUD" */;
			productName = FlyHUD;
		};
		0C1245722FBE4F8300DE9E08 /* FlyIndicatorHUD */ = {
			isa = XCSwiftPackageProductDependency;
			package = 0CC9C8442FBE4977003AF3C3 /* XCLocalSwiftPackageReference "../FlyHUD" */;
			productName = FlyIndicatorHUD;
		};
		0C1245742FBE4F8300DE9E08 /* FlyProgressHUD */ = {
			isa = XCSwiftPackageProductDependency;
			package = 0CC9C8442FBE4977003AF3C3 /* XCLocalSwiftPackageReference "../FlyHUD" */;
			productName = FlyProgressHUD;
		};
		0C12457C2FBE4F9E00DE9E08 /* FlyHUD */ = {
			isa = XCSwiftPackageProductDependency;
			package = 0CC9C8442FBE4977003AF3C3 /* XCLocalSwiftPackageReference "../FlyHUD" */;
			productName = FlyHUD;
		};
		0C12457E2FBE4F9E00DE9E08 /* FlyIndicatorHUD */ = {
			isa = XCSwiftPackageProductDependency;
			package = 0CC9C8442FBE4977003AF3C3 /* XCLocalSwiftPackageReference "../FlyHUD" */;
			productName = FlyIndicatorHUD;
		};
		0C1245802FBE4F9E00DE9E08 /* FlyProgressHUD */ = {
			isa = XCSwiftPackageProductDependency;
			package = 0CC9C8442FBE4977003AF3C3 /* XCLocalSwiftPackageReference "../FlyHUD" */;
			productName = FlyProgressHUD;
		};
		0C5D7DEC2FC49FC30062C5DF /* FlyHUD */ = {
			isa = XCSwiftPackageProductDependency;
			package = 0CC9C8442FBE4977003AF3C3 /* XCLocalSwiftPackageReference "../FlyHUD" */;
			productName = FlyHUD;
		};
		0C5D7DEE2FC49FC30062C5DF /* FlyHUDSwiftUI */ = {
			isa = XCSwiftPackageProductDependency;
			package = 0CC9C8442FBE4977003AF3C3 /* XCLocalSwiftPackageReference "../FlyHUD" */;
			productName = FlyHUDSwiftUI;
		};
		0C5D7DF02FC49FC30062C5DF /* FlyIndicatorHUD */ = {
			isa = XCSwiftPackageProductDependency;
			package = 0CC9C8442FBE4977003AF3C3 /* XCLocalSwiftPackageReference "../FlyHUD" */;
			productName = FlyIndicatorHUD;
		};
		0C5D7DF22FC49FC30062C5DF /* FlyProgressHUD */ = {
			isa = XCSwiftPackageProductDependency;
			package = 0CC9C8442FBE4977003AF3C3 /* XCLocalSwiftPackageReference "../FlyHUD" */;
			productName = FlyProgressHUD;
		};
		0CC9C8452FBE4977003AF3C3 /* FlyHUD */ = {
			isa = XCSwiftPackageProductDependency;
			productName = FlyHUD;
		};
		0CC9C8472FBE4977003AF3C3 /* FlyIndicatorHUD */ = {
			isa = XCSwiftPackageProductDependency;
			productName = FlyIndicatorHUD;
		};
		0CC9C8492FBE4977003AF3C3 /* FlyProgressHUD */ = {
			isa = XCSwiftPackageProductDependency;
			productName = FlyProgressHUD;
		};
		0CC9C84E2FBE49E0003AF3C3 /* FlyHUDSwiftUI */ = {
			isa = XCSwiftPackageProductDependency;
			productName = FlyHUDSwiftUI;
		};
/* End XCSwiftPackageProductDependency section */
	};
	rootObject = 607FACC81AFB9204008FA782 /* Project object */;
}
